// !$*UTF8*$!
{
	archiveVersion = 1;
	classes = {
	};
	objectVersion = 56;
	objects = {

/* Begin PBXBuildFile section */
		043942932C86BCF000AA0D9D /* FirebaseModel.swift in Sources */ = {isa = PBXBuildFile; fileRef = 043942922C86BCF000AA0D9D /* FirebaseModel.swift */; };
		435B7E422C8024AB00EB9816 /* EditPageVC.swift in Sources */ = {isa = PBXBuildFile; fileRef = 435B7E412C8024AB00EB9816 /* EditPageVC.swift */; };
		436AEAE02C7D69CB00E0D85A /* GymTableViewCell.swift in Sources */ = {isa = PBXBuildFile; fileRef = 436AEADF2C7D69CB00E0D85A /* GymTableViewCell.swift */; };
		436AEAE22C7D69F000E0D85A /* SearchVM.swift in Sources */ = {isa = PBXBuildFile; fileRef = 436AEAE12C7D69F000E0D85A /* SearchVM.swift */; };
		436AEAEA2C7DCD1100E0D85A /* MyPageCell.swift in Sources */ = {isa = PBXBuildFile; fileRef = 436AEAE92C7DCD1100E0D85A /* MyPageCell.swift */; };
		436AEAEC2C7DCE3C00E0D85A /* MyPageVM.swift in Sources */ = {isa = PBXBuildFile; fileRef = 436AEAEB2C7DCE3C00E0D85A /* MyPageVM.swift */; };
		436AEAEE2C7EC1F500E0D85A /* MypageNameSpace.swift in Sources */ = {isa = PBXBuildFile; fileRef = 436AEAED2C7EC1F500E0D85A /* MypageNameSpace.swift */; };
		436AEAF02C7EE63C00E0D85A /* SearchNameSpace.swift in Sources */ = {isa = PBXBuildFile; fileRef = 436AEAEF2C7EE63C00E0D85A /* SearchNameSpace.swift */; };
		436AEAF42C7EEE9900E0D85A /* UserPageVC.swift in Sources */ = {isa = PBXBuildFile; fileRef = 436AEAF32C7EEE9900E0D85A /* UserPageVC.swift */; };
		436AEAF62C7EEF0A00E0D85A /* UserPageNameSpace.swift in Sources */ = {isa = PBXBuildFile; fileRef = 436AEAF52C7EEF0A00E0D85A /* UserPageNameSpace.swift */; };
		436AEAF82C7F0EEE00E0D85A /* SearchModel.swift in Sources */ = {isa = PBXBuildFile; fileRef = 436AEAF72C7F0EEE00E0D85A /* SearchModel.swift */; };
		43A79ACA2C81717500B960A2 /* EditPageCell.swift in Sources */ = {isa = PBXBuildFile; fileRef = 43A79AC92C81717500B960A2 /* EditPageCell.swift */; };
		43A79ACC2C819CB200B960A2 /* EditPageVM.swift in Sources */ = {isa = PBXBuildFile; fileRef = 43A79ACB2C819CB200B960A2 /* EditPageVM.swift */; };
		43A79AD62C853EC100B960A2 /* EditModel.swift in Sources */ = {isa = PBXBuildFile; fileRef = 43A79AD52C853EC100B960A2 /* EditModel.swift */; };
		43A79AD82C85481300B960A2 /* DetailEditVM.swift in Sources */ = {isa = PBXBuildFile; fileRef = 43A79AD72C85481300B960A2 /* DetailEditVM.swift */; };
		43A79ADA2C85930A00B960A2 /* ProfileImagePickerVC.swift in Sources */ = {isa = PBXBuildFile; fileRef = 43A79AD92C85930A00B960A2 /* ProfileImagePickerVC.swift */; };
		43A79ADC2C85AA7400B960A2 /* SettingVC.swift in Sources */ = {isa = PBXBuildFile; fileRef = 43A79ADB2C85AA7400B960A2 /* SettingVC.swift */; };
		43A79AE02C85BB7E00B960A2 /* SettingVM.swift in Sources */ = {isa = PBXBuildFile; fileRef = 43A79ADF2C85BB7E00B960A2 /* SettingVM.swift */; };
		43A79AE22C85BD3B00B960A2 /* SettingModel.swift in Sources */ = {isa = PBXBuildFile; fileRef = 43A79AE12C85BD3B00B960A2 /* SettingModel.swift */; };
		43A79AE42C85C3B800B960A2 /* SettingCell.swift in Sources */ = {isa = PBXBuildFile; fileRef = 43A79AE32C85C3B800B960A2 /* SettingCell.swift */; };
		43A79AE62C86CEFE00B960A2 /* SettingNameSpace.swift in Sources */ = {isa = PBXBuildFile; fileRef = 43A79AE52C86CEFE00B960A2 /* SettingNameSpace.swift */; };
		43E883532CA27BFE00EF7469 /* CommonManager.swift in Sources */ = {isa = PBXBuildFile; fileRef = 43E883522CA27BFE00EF7469 /* CommonManager.swift */; };
		43EC6ACB2C8B5026004A2E2F /* FeedCellModel.swift in Sources */ = {isa = PBXBuildFile; fileRef = 43EC6ACA2C8B5026004A2E2F /* FeedCellModel.swift */; };
		43EC6AD72C9171AA004A2E2F /* LightCompressor in Frameworks */ = {isa = PBXBuildFile; productRef = 43EC6AD62C9171AA004A2E2F /* LightCompressor */; };
		6B16C0ED2C9AE121004249AF /* UserPageVM.swift in Sources */ = {isa = PBXBuildFile; fileRef = 6B16C0EC2C9AE121004249AF /* UserPageVM.swift */; };
		6B2815462C8572A800BE1D40 /* ClimbingGym.swift in Sources */ = {isa = PBXBuildFile; fileRef = 6B2815452C8572A800BE1D40 /* ClimbingGym.swift */; };
		6B6B376E2C85807800C9C87A /* GymHeaderView.swift in Sources */ = {isa = PBXBuildFile; fileRef = 6B6B376D2C85807800C9C87A /* GymHeaderView.swift */; };
		6B7F76952CA47F1D00B05B3F /* BlackListVC.swift in Sources */ = {isa = PBXBuildFile; fileRef = 6B7F76942CA47F1D00B05B3F /* BlackListVC.swift */; };
		6B7F76972CA4A1C300B05B3F /* BlackListCell.swift in Sources */ = {isa = PBXBuildFile; fileRef = 6B7F76962CA4A1C200B05B3F /* BlackListCell.swift */; };
		6B7F76992CA4A8E900B05B3F /* BlackListVM.swift in Sources */ = {isa = PBXBuildFile; fileRef = 6B7F76982CA4A8E900B05B3F /* BlackListVM.swift */; };
		6B8467BC2C85DDE9006B062D /* ClimbingGymInfoView.swift in Sources */ = {isa = PBXBuildFile; fileRef = 6B8467BB2C85DDE9006B062D /* ClimbingGymInfoView.swift */; };
		6B8467BE2C86129B006B062D /* ClimbingGymNameSpace.swift in Sources */ = {isa = PBXBuildFile; fileRef = 6B8467BD2C86129B006B062D /* ClimbingGymNameSpace.swift */; };
		6B8F38B92C888F6B0018C40D /* PrivacyPolicyVC.swift in Sources */ = {isa = PBXBuildFile; fileRef = 6B8F38B82C888F6A0018C40D /* PrivacyPolicyVC.swift */; };
		6B8F38C72C894BC50018C40D /* CreateNickNameVC.swift in Sources */ = {isa = PBXBuildFile; fileRef = 6B8F38C62C894BC50018C40D /* CreateNickNameVC.swift */; };
		6B8F38CB2C8955350018C40D /* PrivacyPolicyVM.swift in Sources */ = {isa = PBXBuildFile; fileRef = 6B8F38CA2C8955350018C40D /* PrivacyPolicyVM.swift */; };
		6B8F38CD2C8989D10018C40D /* CreateNickNameVM.swift in Sources */ = {isa = PBXBuildFile; fileRef = 6B8F38CC2C8989D10018C40D /* CreateNickNameVM.swift */; };
		6B9033402C89DB1B0012D955 /* PersonalDetailsVC.swift in Sources */ = {isa = PBXBuildFile; fileRef = 6B90333F2C89DB1B0012D955 /* PersonalDetailsVC.swift */; };
		6B9033422C8AAA5E0012D955 /* RangePickerVC.swift in Sources */ = {isa = PBXBuildFile; fileRef = 6B9033412C8AAA5E0012D955 /* RangePickerVC.swift */; };
		6BA24C922C80D9150089CECE /* SectionDetailTableViewCell.swift in Sources */ = {isa = PBXBuildFile; fileRef = 6BA24C912C80D9150089CECE /* SectionDetailTableViewCell.swift */; };
		6BA24C942C81A0F00089CECE /* ClimbingDeatilGymVC.swift in Sources */ = {isa = PBXBuildFile; fileRef = 6BA24C932C81A0F00089CECE /* ClimbingDeatilGymVC.swift */; };
		6BA24C962C846F1B0089CECE /* ClimbingDetailGymVM.swift in Sources */ = {isa = PBXBuildFile; fileRef = 6BA24C952C846F1B0089CECE /* ClimbingDetailGymVM.swift */; };
		6BC91F932C7CC81400B34083 /* SectionTableViewCell.swift in Sources */ = {isa = PBXBuildFile; fileRef = 6BC91F922C7CC81400B34083 /* SectionTableViewCell.swift */; };
		6BC91F952C7CCE3A00B34083 /* ClimbingGymVM.swift in Sources */ = {isa = PBXBuildFile; fileRef = 6BC91F942C7CCE3A00B34083 /* ClimbingGymVM.swift */; };
		6BC91F982C7EEA3F00B34083 /* GoogleSignIn in Frameworks */ = {isa = PBXBuildFile; productRef = 6BC91F972C7EEA3F00B34083 /* GoogleSignIn */; };
		6BC91F9A2C7EEA5A00B34083 /* GoogleSignInSwift in Frameworks */ = {isa = PBXBuildFile; productRef = 6BC91F992C7EEA5A00B34083 /* GoogleSignInSwift */; };
		6BC91F9D2C7EEACF00B34083 /* KakaoSDK in Frameworks */ = {isa = PBXBuildFile; productRef = 6BC91F9C2C7EEACF00B34083 /* KakaoSDK */; };
		6BC91F9F2C7EEACF00B34083 /* KakaoSDKAuth in Frameworks */ = {isa = PBXBuildFile; productRef = 6BC91F9E2C7EEACF00B34083 /* KakaoSDKAuth */; };
		6BC91FA12C7EEACF00B34083 /* KakaoSDKCommon in Frameworks */ = {isa = PBXBuildFile; productRef = 6BC91FA02C7EEACF00B34083 /* KakaoSDKCommon */; };
		6BC91FA32C7EEACF00B34083 /* KakaoSDKUser in Frameworks */ = {isa = PBXBuildFile; productRef = 6BC91FA22C7EEACF00B34083 /* KakaoSDKUser */; };
		6BC91FA62C7EEB4E00B34083 /* FirebaseAnalytics in Frameworks */ = {isa = PBXBuildFile; productRef = 6BC91FA52C7EEB4E00B34083 /* FirebaseAnalytics */; };
		6BC91FA82C7EEB4E00B34083 /* FirebaseAuth in Frameworks */ = {isa = PBXBuildFile; productRef = 6BC91FA72C7EEB4E00B34083 /* FirebaseAuth */; };
		6BC91FAA2C7EEB4E00B34083 /* FirebaseDatabase in Frameworks */ = {isa = PBXBuildFile; productRef = 6BC91FA92C7EEB4E00B34083 /* FirebaseDatabase */; };
		6BC91FAC2C7EEB4E00B34083 /* FirebaseFirestore in Frameworks */ = {isa = PBXBuildFile; productRef = 6BC91FAB2C7EEB4E00B34083 /* FirebaseFirestore */; };
		6BC91FAE2C7EEB4E00B34083 /* FirebaseFunctions in Frameworks */ = {isa = PBXBuildFile; productRef = 6BC91FAD2C7EEB4E00B34083 /* FirebaseFunctions */; };
		6BC91FB02C7EEB4E00B34083 /* FirebaseStorage in Frameworks */ = {isa = PBXBuildFile; productRef = 6BC91FAF2C7EEB4E00B34083 /* FirebaseStorage */; };
		6BC91FB32C7F016A00B34083 /* GoogleService-Info.plist in Resources */ = {isa = PBXBuildFile; fileRef = 6BC91FB12C7F016A00B34083 /* GoogleService-Info.plist */; };
		6BCF42DA2C942C22000EF20B /* UserTableViewCell.swift in Sources */ = {isa = PBXBuildFile; fileRef = 6BCF42D92C942C22000EF20B /* UserTableViewCell.swift */; };
		912613292CD8FE1300CD5E74 /* CommentVM.swift in Sources */ = {isa = PBXBuildFile; fileRef = 912613282CD8FE1300CD5E74 /* CommentVM.swift */; };
		916D64D02C848A540064B766 /* FeedView.swift in Sources */ = {isa = PBXBuildFile; fileRef = 916D64CF2C848A540064B766 /* FeedView.swift */; };
		916D64D32C848BE00064B766 /* FeedCell.swift in Sources */ = {isa = PBXBuildFile; fileRef = 916D64D22C848BE00064B766 /* FeedCell.swift */; };
		917DA8972CD4AE13006FF6B9 /* WeClimbTests.swift in Sources */ = {isa = PBXBuildFile; fileRef = 917DA8962CD4AE13006FF6B9 /* WeClimbTests.swift */; };
		917DA89E2CD4B0A0006FF6B9 /* RxBlocking in Frameworks */ = {isa = PBXBuildFile; productRef = 917DA89D2CD4B0A0006FF6B9 /* RxBlocking */; };
		91995F202CA4A24100BCC004 /* SFFeedCell.swift in Sources */ = {isa = PBXBuildFile; fileRef = 91995F1F2CA4A24000BCC004 /* SFFeedCell.swift */; };
		91AF25612C8C15FC002283BD /* Enumeration.swift in Sources */ = {isa = PBXBuildFile; fileRef = 91AF25602C8C15FC002283BD /* Enumeration.swift */; };
		91AF25632C8D771A002283BD /* Gym.swift in Sources */ = {isa = PBXBuildFile; fileRef = 91AF25622C8D771A002283BD /* Gym.swift */; };
		91BFA9332C91962F0044D5AD /* Post.swift in Sources */ = {isa = PBXBuildFile; fileRef = 91BFA9322C91962F0044D5AD /* Post.swift */; };
		91F566CE2CDB566700485F79 /* CommentCellVM.swift in Sources */ = {isa = PBXBuildFile; fileRef = 91F566CD2CDB566700485F79 /* CommentCellVM.swift */; };
		91F71CDF2C88A3C400405778 /* LoginVM.swift in Sources */ = {isa = PBXBuildFile; fileRef = 91F71CDE2C88A3C400405778 /* LoginVM.swift */; };
		91F71CE12C89835700405778 /* FirebaseManager.swift in Sources */ = {isa = PBXBuildFile; fileRef = 91F71CE02C89835700405778 /* FirebaseManager.swift */; };
		91F71CE32C89844900405778 /* User.swift in Sources */ = {isa = PBXBuildFile; fileRef = 91F71CE22C89844900405778 /* User.swift */; };
		91FF42CC2CC5F37C003D9279 /* SNSAuthVM.swift in Sources */ = {isa = PBXBuildFile; fileRef = 91FF42CB2CC5F37C003D9279 /* SNSAuthVM.swift */; };
		C40397B72C7CB4CC00923777 /* Extension.swift in Sources */ = {isa = PBXBuildFile; fileRef = C40397B62C7CB4CC00923777 /* Extension.swift */; };
		C43197902CAAC3FD00029E3C /* ProfileManager.swift in Sources */ = {isa = PBXBuildFile; fileRef = C431978F2CAAC3FD00029E3C /* ProfileManager.swift */; };
		C440789E2CA319B200B747A6 /* GuestVC.swift in Sources */ = {isa = PBXBuildFile; fileRef = C440789D2CA319B200B747A6 /* GuestVC.swift */; };
		C45DC9D52C80519100FC4C1D /* FeedModel.swift in Sources */ = {isa = PBXBuildFile; fileRef = C45DC9D42C80519100FC4C1D /* FeedModel.swift */; };
		C47A0AFA2C8AF1A60068173A /* CommentModalVC.swift in Sources */ = {isa = PBXBuildFile; fileRef = C47A0AF92C8AF1A60068173A /* CommentModalVC.swift */; };
		C47A0AFD2C90310B0068173A /* FeedReportModalVC.swift in Sources */ = {isa = PBXBuildFile; fileRef = C47A0AFC2C90310B0068173A /* FeedReportModalVC.swift */; };
		C47A0AFF2C9038990068173A /* FeedNameSpace.swift in Sources */ = {isa = PBXBuildFile; fileRef = C47A0AFE2C9038990068173A /* FeedNameSpace.swift */; };
		C47A0B012C9115760068173A /* CommentCell.swift in Sources */ = {isa = PBXBuildFile; fileRef = C47A0B002C9115760068173A /* CommentCell.swift */; };
		C49FC7092C9F1B0E00CD66D9 /* EditNickNameVC.swift in Sources */ = {isa = PBXBuildFile; fileRef = C49FC7082C9F1B0E00CD66D9 /* EditNickNameVC.swift */; };
		C49FC70B2CA1535C00CD66D9 /* EditPersonalDetailsVC.swift in Sources */ = {isa = PBXBuildFile; fileRef = C49FC70A2CA1535C00CD66D9 /* EditPersonalDetailsVC.swift */; };
		C49FC70D2CA265B300CD66D9 /* PersonalDetailsVM.swift in Sources */ = {isa = PBXBuildFile; fileRef = C49FC70C2CA265B300CD66D9 /* PersonalDetailsVM.swift */; };
		C4D47EF82CC2408B00E451C4 /* LikeVM.swift in Sources */ = {isa = PBXBuildFile; fileRef = C4D47EF72CC2408B00E451C4 /* LikeVM.swift */; };
		C4E29C172C806F170076BCA6 /* MainFeedVM.swift in Sources */ = {isa = PBXBuildFile; fileRef = C4E29C162C806F170076BCA6 /* MainFeedVM.swift */; };
		C4E29C1B2C8874780076BCA6 /* MyPageDetailFeedVC.swift in Sources */ = {isa = PBXBuildFile; fileRef = C4E29C1A2C8874780076BCA6 /* MyPageDetailFeedVC.swift */; };
		C4E29C1D2C898AFB0076BCA6 /* SFMainFeedVC.swift in Sources */ = {isa = PBXBuildFile; fileRef = C4E29C1C2C898AFB0076BCA6 /* SFMainFeedVC.swift */; };
		C4E29C1F2C898DC80076BCA6 /* SFCollectionViewCell.swift in Sources */ = {isa = PBXBuildFile; fileRef = C4E29C1E2C898DC80076BCA6 /* SFCollectionViewCell.swift */; };
		F4892BE72C7C237700C5FF16 /* AppDelegate.swift in Sources */ = {isa = PBXBuildFile; fileRef = F4892BE62C7C237700C5FF16 /* AppDelegate.swift */; };
		F4892BE92C7C237700C5FF16 /* SceneDelegate.swift in Sources */ = {isa = PBXBuildFile; fileRef = F4892BE82C7C237700C5FF16 /* SceneDelegate.swift */; };
		F4892BF02C7C237900C5FF16 /* Assets.xcassets in Resources */ = {isa = PBXBuildFile; fileRef = F4892BEF2C7C237900C5FF16 /* Assets.xcassets */; };
		F4892BF32C7C237900C5FF16 /* Base in Resources */ = {isa = PBXBuildFile; fileRef = F4892BF22C7C237900C5FF16 /* Base */; };
		F4892BFC2C7C239900C5FF16 /* SnapKit in Frameworks */ = {isa = PBXBuildFile; productRef = F4892BFB2C7C239900C5FF16 /* SnapKit */; };
		F4892BFF2C7C23AC00C5FF16 /* RxCocoa in Frameworks */ = {isa = PBXBuildFile; productRef = F4892BFE2C7C23AC00C5FF16 /* RxCocoa */; };
		F4892C012C7C23CE00C5FF16 /* CommitConvention.md in Resources */ = {isa = PBXBuildFile; fileRef = F4892C002C7C23CE00C5FF16 /* CommitConvention.md */; };
		F4892C032C7C23D400C5FF16 /* CodeConvention.md in Resources */ = {isa = PBXBuildFile; fileRef = F4892C022C7C23D400C5FF16 /* CodeConvention.md */; };
		F4892C062C7C23FA00C5FF16 /* Kingfisher in Frameworks */ = {isa = PBXBuildFile; productRef = F4892C052C7C23FA00C5FF16 /* Kingfisher */; };
		F4892C082C7C249300C5FF16 /* .gitignore in Resources */ = {isa = PBXBuildFile; fileRef = F4892C072C7C249300C5FF16 /* .gitignore */; };
		F4892C0E2C7C27BE00C5FF16 /* ExampleCommon.swift in Sources */ = {isa = PBXBuildFile; fileRef = F4892C0D2C7C27BE00C5FF16 /* ExampleCommon.swift */; };
		F4892C102C7C27D800C5FF16 /* ExampleModel.swift in Sources */ = {isa = PBXBuildFile; fileRef = F4892C0F2C7C27D800C5FF16 /* ExampleModel.swift */; };
		F4892C142C7C973800C5FF16 /* TabBarController.swift in Sources */ = {isa = PBXBuildFile; fileRef = F4892C132C7C973800C5FF16 /* TabBarController.swift */; };
		F4892C162C7C981000C5FF16 /* LoginVC.swift in Sources */ = {isa = PBXBuildFile; fileRef = F4892C152C7C981000C5FF16 /* LoginVC.swift */; };
		F4892C1A2C7C984A00C5FF16 /* SearchVC.swift in Sources */ = {isa = PBXBuildFile; fileRef = F4892C192C7C984A00C5FF16 /* SearchVC.swift */; };
		F4892C1C2C7C988B00C5FF16 /* ClimbingGymVC.swift in Sources */ = {isa = PBXBuildFile; fileRef = F4892C1B2C7C988A00C5FF16 /* ClimbingGymVC.swift */; };
		F4892C1E2C7C98A100C5FF16 /* MyPageVC.swift in Sources */ = {isa = PBXBuildFile; fileRef = F4892C1D2C7C98A100C5FF16 /* MyPageVC.swift */; };
		F4892C222C7C9DC700C5FF16 /* CodingConvention.md in Resources */ = {isa = PBXBuildFile; fileRef = F4892C212C7C9DC700C5FF16 /* CodingConvention.md */; };
		F4892C242C7CBC8700C5FF16 /* UploadVM.swift in Sources */ = {isa = PBXBuildFile; fileRef = F4892C232C7CBC8700C5FF16 /* UploadVM.swift */; };
		F4892C2B2C7CCDF200C5FF16 /* Identifiers.swift in Sources */ = {isa = PBXBuildFile; fileRef = F4892C2A2C7CCDF200C5FF16 /* Identifiers.swift */; };
		F4892C2F2C7D9EA700C5FF16 /* UploadNameSpace.swift in Sources */ = {isa = PBXBuildFile; fileRef = F4892C2E2C7D9EA700C5FF16 /* UploadNameSpace.swift */; };
		F4892C3E2C7EFD4700C5FF16 /* UploadVC.swift in Sources */ = {isa = PBXBuildFile; fileRef = F4892C3D2C7EFD4700C5FF16 /* UploadVC.swift */; };
		F4892C3F2C8013CF00C5FF16 /* UploadOptionView.swift in Sources */ = {isa = PBXBuildFile; fileRef = F4892C362C7E26D900C5FF16 /* UploadOptionView.swift */; };
		F4892C422C8038B500C5FF16 /* RxSwift in Frameworks */ = {isa = PBXBuildFile; productRef = F4892C412C8038B500C5FF16 /* RxSwift */; };
/* End PBXBuildFile section */

/* Begin PBXContainerItemProxy section */
		917DA8982CD4AE13006FF6B9 /* PBXContainerItemProxy */ = {
			isa = PBXContainerItemProxy;
			containerPortal = F4892BDB2C7C237700C5FF16 /* Project object */;
			proxyType = 1;
			remoteGlobalIDString = F4892BE22C7C237700C5FF16;
			remoteInfo = WeClimb;
		};
/* End PBXContainerItemProxy section */

/* Begin PBXFileReference section */
		043942922C86BCF000AA0D9D /* FirebaseModel.swift */ = {isa = PBXFileReference; lastKnownFileType = sourcecode.swift; path = FirebaseModel.swift; sourceTree = "<group>"; };
		435B7E412C8024AB00EB9816 /* EditPageVC.swift */ = {isa = PBXFileReference; indentWidth = 4; lastKnownFileType = sourcecode.swift; path = EditPageVC.swift; sourceTree = "<group>"; tabWidth = 4; };
		436AEADF2C7D69CB00E0D85A /* GymTableViewCell.swift */ = {isa = PBXFileReference; lastKnownFileType = sourcecode.swift; path = GymTableViewCell.swift; sourceTree = "<group>"; };
		436AEAE12C7D69F000E0D85A /* SearchVM.swift */ = {isa = PBXFileReference; lastKnownFileType = sourcecode.swift; path = SearchVM.swift; sourceTree = "<group>"; };
		436AEAE92C7DCD1100E0D85A /* MyPageCell.swift */ = {isa = PBXFileReference; lastKnownFileType = sourcecode.swift; path = MyPageCell.swift; sourceTree = "<group>"; };
		436AEAEB2C7DCE3C00E0D85A /* MyPageVM.swift */ = {isa = PBXFileReference; indentWidth = 4; lastKnownFileType = sourcecode.swift; path = MyPageVM.swift; sourceTree = "<group>"; tabWidth = 4; };
		436AEAED2C7EC1F500E0D85A /* MypageNameSpace.swift */ = {isa = PBXFileReference; indentWidth = 4; lastKnownFileType = sourcecode.swift; path = MypageNameSpace.swift; sourceTree = "<group>"; tabWidth = 4; };
		436AEAEF2C7EE63C00E0D85A /* SearchNameSpace.swift */ = {isa = PBXFileReference; lastKnownFileType = sourcecode.swift; path = SearchNameSpace.swift; sourceTree = "<group>"; };
		436AEAF32C7EEE9900E0D85A /* UserPageVC.swift */ = {isa = PBXFileReference; lastKnownFileType = sourcecode.swift; path = UserPageVC.swift; sourceTree = "<group>"; };
		436AEAF52C7EEF0A00E0D85A /* UserPageNameSpace.swift */ = {isa = PBXFileReference; lastKnownFileType = sourcecode.swift; path = UserPageNameSpace.swift; sourceTree = "<group>"; };
		436AEAF72C7F0EEE00E0D85A /* SearchModel.swift */ = {isa = PBXFileReference; lastKnownFileType = sourcecode.swift; path = SearchModel.swift; sourceTree = "<group>"; };
		43A79AC92C81717500B960A2 /* EditPageCell.swift */ = {isa = PBXFileReference; indentWidth = 4; lastKnownFileType = sourcecode.swift; path = EditPageCell.swift; sourceTree = "<group>"; tabWidth = 4; };
		43A79ACB2C819CB200B960A2 /* EditPageVM.swift */ = {isa = PBXFileReference; lastKnownFileType = sourcecode.swift; path = EditPageVM.swift; sourceTree = "<group>"; };
		43A79AD52C853EC100B960A2 /* EditModel.swift */ = {isa = PBXFileReference; lastKnownFileType = sourcecode.swift; path = EditModel.swift; sourceTree = "<group>"; };
		43A79AD72C85481300B960A2 /* DetailEditVM.swift */ = {isa = PBXFileReference; lastKnownFileType = sourcecode.swift; path = DetailEditVM.swift; sourceTree = "<group>"; };
		43A79AD92C85930A00B960A2 /* ProfileImagePickerVC.swift */ = {isa = PBXFileReference; indentWidth = 4; lastKnownFileType = sourcecode.swift; path = ProfileImagePickerVC.swift; sourceTree = "<group>"; tabWidth = 4; };
		43A79ADB2C85AA7400B960A2 /* SettingVC.swift */ = {isa = PBXFileReference; indentWidth = 4; lastKnownFileType = sourcecode.swift; path = SettingVC.swift; sourceTree = "<group>"; tabWidth = 4; };
		43A79ADF2C85BB7E00B960A2 /* SettingVM.swift */ = {isa = PBXFileReference; lastKnownFileType = sourcecode.swift; path = SettingVM.swift; sourceTree = "<group>"; };
		43A79AE12C85BD3B00B960A2 /* SettingModel.swift */ = {isa = PBXFileReference; lastKnownFileType = sourcecode.swift; path = SettingModel.swift; sourceTree = "<group>"; };
		43A79AE32C85C3B800B960A2 /* SettingCell.swift */ = {isa = PBXFileReference; lastKnownFileType = sourcecode.swift; path = SettingCell.swift; sourceTree = "<group>"; };
		43A79AE52C86CEFE00B960A2 /* SettingNameSpace.swift */ = {isa = PBXFileReference; lastKnownFileType = sourcecode.swift; path = SettingNameSpace.swift; sourceTree = "<group>"; };
		43E883522CA27BFE00EF7469 /* CommonManager.swift */ = {isa = PBXFileReference; lastKnownFileType = sourcecode.swift; path = CommonManager.swift; sourceTree = "<group>"; };
		43EC6ACA2C8B5026004A2E2F /* FeedCellModel.swift */ = {isa = PBXFileReference; lastKnownFileType = sourcecode.swift; path = FeedCellModel.swift; sourceTree = "<group>"; };
		6B16C0EC2C9AE121004249AF /* UserPageVM.swift */ = {isa = PBXFileReference; lastKnownFileType = sourcecode.swift; path = UserPageVM.swift; sourceTree = "<group>"; };
		6B2815452C8572A800BE1D40 /* ClimbingGym.swift */ = {isa = PBXFileReference; lastKnownFileType = sourcecode.swift; path = ClimbingGym.swift; sourceTree = "<group>"; };
		6B6B376D2C85807800C9C87A /* GymHeaderView.swift */ = {isa = PBXFileReference; indentWidth = 4; lastKnownFileType = sourcecode.swift; path = GymHeaderView.swift; sourceTree = "<group>"; tabWidth = 4; };
		6B7F76942CA47F1D00B05B3F /* BlackListVC.swift */ = {isa = PBXFileReference; lastKnownFileType = sourcecode.swift; path = BlackListVC.swift; sourceTree = "<group>"; };
		6B7F76962CA4A1C200B05B3F /* BlackListCell.swift */ = {isa = PBXFileReference; lastKnownFileType = sourcecode.swift; path = BlackListCell.swift; sourceTree = "<group>"; };
		6B7F76982CA4A8E900B05B3F /* BlackListVM.swift */ = {isa = PBXFileReference; lastKnownFileType = sourcecode.swift; path = BlackListVM.swift; sourceTree = "<group>"; };
		6B8467BB2C85DDE9006B062D /* ClimbingGymInfoView.swift */ = {isa = PBXFileReference; lastKnownFileType = sourcecode.swift; path = ClimbingGymInfoView.swift; sourceTree = "<group>"; };
		6B8467BD2C86129B006B062D /* ClimbingGymNameSpace.swift */ = {isa = PBXFileReference; indentWidth = 4; lastKnownFileType = sourcecode.swift; path = ClimbingGymNameSpace.swift; sourceTree = "<group>"; tabWidth = 4; };
		6B8F38B82C888F6A0018C40D /* PrivacyPolicyVC.swift */ = {isa = PBXFileReference; lastKnownFileType = sourcecode.swift; path = PrivacyPolicyVC.swift; sourceTree = "<group>"; };
		6B8F38C62C894BC50018C40D /* CreateNickNameVC.swift */ = {isa = PBXFileReference; indentWidth = 4; lastKnownFileType = sourcecode.swift; path = CreateNickNameVC.swift; sourceTree = "<group>"; tabWidth = 4; };
		6B8F38CA2C8955350018C40D /* PrivacyPolicyVM.swift */ = {isa = PBXFileReference; indentWidth = 4; lastKnownFileType = sourcecode.swift; path = PrivacyPolicyVM.swift; sourceTree = "<group>"; tabWidth = 4; };
		6B8F38CC2C8989D10018C40D /* CreateNickNameVM.swift */ = {isa = PBXFileReference; indentWidth = 4; lastKnownFileType = sourcecode.swift; path = CreateNickNameVM.swift; sourceTree = "<group>"; tabWidth = 4; };
		6B90333F2C89DB1B0012D955 /* PersonalDetailsVC.swift */ = {isa = PBXFileReference; indentWidth = 4; lastKnownFileType = sourcecode.swift; path = PersonalDetailsVC.swift; sourceTree = "<group>"; tabWidth = 4; };
		6B9033412C8AAA5E0012D955 /* RangePickerVC.swift */ = {isa = PBXFileReference; lastKnownFileType = sourcecode.swift; path = RangePickerVC.swift; sourceTree = "<group>"; };
		6BA24C912C80D9150089CECE /* SectionDetailTableViewCell.swift */ = {isa = PBXFileReference; lastKnownFileType = sourcecode.swift; path = SectionDetailTableViewCell.swift; sourceTree = "<group>"; };
		6BA24C932C81A0F00089CECE /* ClimbingDeatilGymVC.swift */ = {isa = PBXFileReference; lastKnownFileType = sourcecode.swift; path = ClimbingDeatilGymVC.swift; sourceTree = "<group>"; };
		6BA24C952C846F1B0089CECE /* ClimbingDetailGymVM.swift */ = {isa = PBXFileReference; lastKnownFileType = sourcecode.swift; path = ClimbingDetailGymVM.swift; sourceTree = "<group>"; };
		6BC91F922C7CC81400B34083 /* SectionTableViewCell.swift */ = {isa = PBXFileReference; lastKnownFileType = sourcecode.swift; path = SectionTableViewCell.swift; sourceTree = "<group>"; };
		6BC91F942C7CCE3A00B34083 /* ClimbingGymVM.swift */ = {isa = PBXFileReference; lastKnownFileType = sourcecode.swift; path = ClimbingGymVM.swift; sourceTree = "<group>"; };
		6BC91FB12C7F016A00B34083 /* GoogleService-Info.plist */ = {isa = PBXFileReference; fileEncoding = 4; lastKnownFileType = text.plist.xml; path = "GoogleService-Info.plist"; sourceTree = "<group>"; };
		6BC91FB22C7F016A00B34083 /* Config.xcconfig */ = {isa = PBXFileReference; fileEncoding = 4; lastKnownFileType = text.xcconfig; path = Config.xcconfig; sourceTree = "<group>"; };
		6BC91FB52C7F16D800B34083 /* WeClimb.entitlements */ = {isa = PBXFileReference; lastKnownFileType = text.plist.entitlements; path = WeClimb.entitlements; sourceTree = "<group>"; };
		6BCF42D92C942C22000EF20B /* UserTableViewCell.swift */ = {isa = PBXFileReference; lastKnownFileType = sourcecode.swift; path = UserTableViewCell.swift; sourceTree = "<group>"; };
		912613282CD8FE1300CD5E74 /* CommentVM.swift */ = {isa = PBXFileReference; indentWidth = 4; lastKnownFileType = sourcecode.swift; path = CommentVM.swift; sourceTree = "<group>"; tabWidth = 4; };
		916D64CF2C848A540064B766 /* FeedView.swift */ = {isa = PBXFileReference; lastKnownFileType = sourcecode.swift; path = FeedView.swift; sourceTree = "<group>"; };
		916D64D22C848BE00064B766 /* FeedCell.swift */ = {isa = PBXFileReference; lastKnownFileType = sourcecode.swift; path = FeedCell.swift; sourceTree = "<group>"; };
		917DA8942CD4AE13006FF6B9 /* WeClimbTests.xctest */ = {isa = PBXFileReference; explicitFileType = wrapper.cfbundle; includeInIndex = 0; path = WeClimbTests.xctest; sourceTree = BUILT_PRODUCTS_DIR; };
		917DA8962CD4AE13006FF6B9 /* WeClimbTests.swift */ = {isa = PBXFileReference; lastKnownFileType = sourcecode.swift; path = WeClimbTests.swift; sourceTree = "<group>"; };
		917DA89F2CD4B340006FF6B9 /* WeClimb.xctestplan */ = {isa = PBXFileReference; lastKnownFileType = text; path = WeClimb.xctestplan; sourceTree = "<group>"; };
		91995F1F2CA4A24000BCC004 /* SFFeedCell.swift */ = {isa = PBXFileReference; lastKnownFileType = sourcecode.swift; path = SFFeedCell.swift; sourceTree = "<group>"; };
		91AF25602C8C15FC002283BD /* Enumeration.swift */ = {isa = PBXFileReference; lastKnownFileType = sourcecode.swift; path = Enumeration.swift; sourceTree = "<group>"; };
		91AF25622C8D771A002283BD /* Gym.swift */ = {isa = PBXFileReference; lastKnownFileType = sourcecode.swift; path = Gym.swift; sourceTree = "<group>"; };
		91BFA9322C91962F0044D5AD /* Post.swift */ = {isa = PBXFileReference; lastKnownFileType = sourcecode.swift; path = Post.swift; sourceTree = "<group>"; };
		91F566CD2CDB566700485F79 /* CommentCellVM.swift */ = {isa = PBXFileReference; lastKnownFileType = sourcecode.swift; path = CommentCellVM.swift; sourceTree = "<group>"; };
		91F71CDE2C88A3C400405778 /* LoginVM.swift */ = {isa = PBXFileReference; lastKnownFileType = sourcecode.swift; path = LoginVM.swift; sourceTree = "<group>"; };
		91F71CE02C89835700405778 /* FirebaseManager.swift */ = {isa = PBXFileReference; lastKnownFileType = sourcecode.swift; path = FirebaseManager.swift; sourceTree = "<group>"; };
		91F71CE22C89844900405778 /* User.swift */ = {isa = PBXFileReference; lastKnownFileType = sourcecode.swift; path = User.swift; sourceTree = "<group>"; };
		91FF42CB2CC5F37C003D9279 /* SNSAuthVM.swift */ = {isa = PBXFileReference; lastKnownFileType = sourcecode.swift; path = SNSAuthVM.swift; sourceTree = "<group>"; };
		C40397B62C7CB4CC00923777 /* Extension.swift */ = {isa = PBXFileReference; indentWidth = 4; lastKnownFileType = sourcecode.swift; path = Extension.swift; sourceTree = "<group>"; tabWidth = 4; };
		C431978F2CAAC3FD00029E3C /* ProfileManager.swift */ = {isa = PBXFileReference; lastKnownFileType = sourcecode.swift; path = ProfileManager.swift; sourceTree = "<group>"; };
		C440789D2CA319B200B747A6 /* GuestVC.swift */ = {isa = PBXFileReference; indentWidth = 4; lastKnownFileType = sourcecode.swift; path = GuestVC.swift; sourceTree = "<group>"; tabWidth = 4; };
		C45DC9D42C80519100FC4C1D /* FeedModel.swift */ = {isa = PBXFileReference; lastKnownFileType = sourcecode.swift; path = FeedModel.swift; sourceTree = "<group>"; };
		C47A0AF92C8AF1A60068173A /* CommentModalVC.swift */ = {isa = PBXFileReference; lastKnownFileType = sourcecode.swift; path = CommentModalVC.swift; sourceTree = "<group>"; };
		C47A0AFC2C90310B0068173A /* FeedReportModalVC.swift */ = {isa = PBXFileReference; indentWidth = 4; lastKnownFileType = sourcecode.swift; path = FeedReportModalVC.swift; sourceTree = "<group>"; tabWidth = 4; };
		C47A0AFE2C9038990068173A /* FeedNameSpace.swift */ = {isa = PBXFileReference; indentWidth = 4; lastKnownFileType = sourcecode.swift; path = FeedNameSpace.swift; sourceTree = "<group>"; tabWidth = 4; };
		C47A0B002C9115760068173A /* CommentCell.swift */ = {isa = PBXFileReference; indentWidth = 4; lastKnownFileType = sourcecode.swift; path = CommentCell.swift; sourceTree = "<group>"; tabWidth = 4; };
		C49FC7082C9F1B0E00CD66D9 /* EditNickNameVC.swift */ = {isa = PBXFileReference; indentWidth = 4; lastKnownFileType = sourcecode.swift; path = EditNickNameVC.swift; sourceTree = "<group>"; tabWidth = 4; };
		C49FC70A2CA1535C00CD66D9 /* EditPersonalDetailsVC.swift */ = {isa = PBXFileReference; indentWidth = 4; lastKnownFileType = sourcecode.swift; path = EditPersonalDetailsVC.swift; sourceTree = "<group>"; tabWidth = 4; };
		C49FC70C2CA265B300CD66D9 /* PersonalDetailsVM.swift */ = {isa = PBXFileReference; indentWidth = 4; lastKnownFileType = sourcecode.swift; path = PersonalDetailsVM.swift; sourceTree = "<group>"; tabWidth = 4; };
		C4D47EF72CC2408B00E451C4 /* LikeVM.swift */ = {isa = PBXFileReference; indentWidth = 4; lastKnownFileType = sourcecode.swift; path = LikeVM.swift; sourceTree = "<group>"; tabWidth = 4; };
		C4E29C162C806F170076BCA6 /* MainFeedVM.swift */ = {isa = PBXFileReference; lastKnownFileType = sourcecode.swift; path = MainFeedVM.swift; sourceTree = "<group>"; };
		C4E29C1A2C8874780076BCA6 /* MyPageDetailFeedVC.swift */ = {isa = PBXFileReference; indentWidth = 4; lastKnownFileType = sourcecode.swift; path = MyPageDetailFeedVC.swift; sourceTree = "<group>"; tabWidth = 4; };
		C4E29C1C2C898AFB0076BCA6 /* SFMainFeedVC.swift */ = {isa = PBXFileReference; indentWidth = 4; lastKnownFileType = sourcecode.swift; path = SFMainFeedVC.swift; sourceTree = "<group>"; tabWidth = 4; };
		C4E29C1E2C898DC80076BCA6 /* SFCollectionViewCell.swift */ = {isa = PBXFileReference; indentWidth = 4; lastKnownFileType = sourcecode.swift; path = SFCollectionViewCell.swift; sourceTree = "<group>"; tabWidth = 4; };
		F4892BE32C7C237700C5FF16 /* WeClimb.app */ = {isa = PBXFileReference; explicitFileType = wrapper.application; includeInIndex = 0; path = WeClimb.app; sourceTree = BUILT_PRODUCTS_DIR; };
		F4892BE62C7C237700C5FF16 /* AppDelegate.swift */ = {isa = PBXFileReference; lastKnownFileType = sourcecode.swift; path = AppDelegate.swift; sourceTree = "<group>"; };
		F4892BE82C7C237700C5FF16 /* SceneDelegate.swift */ = {isa = PBXFileReference; lastKnownFileType = sourcecode.swift; path = SceneDelegate.swift; sourceTree = "<group>"; };
		F4892BEF2C7C237900C5FF16 /* Assets.xcassets */ = {isa = PBXFileReference; lastKnownFileType = folder.assetcatalog; path = Assets.xcassets; sourceTree = "<group>"; };
		F4892BF22C7C237900C5FF16 /* Base */ = {isa = PBXFileReference; lastKnownFileType = file.storyboard; name = Base; path = Base.lproj/LaunchScreen.storyboard; sourceTree = "<group>"; };
		F4892BF42C7C237900C5FF16 /* Info.plist */ = {isa = PBXFileReference; lastKnownFileType = text.plist.xml; path = Info.plist; sourceTree = "<group>"; };
		F4892C002C7C23CE00C5FF16 /* CommitConvention.md */ = {isa = PBXFileReference; fileEncoding = 4; lastKnownFileType = net.daringfireball.markdown; path = CommitConvention.md; sourceTree = "<group>"; };
		F4892C022C7C23D400C5FF16 /* CodeConvention.md */ = {isa = PBXFileReference; fileEncoding = 4; lastKnownFileType = net.daringfireball.markdown; path = CodeConvention.md; sourceTree = "<group>"; };
		F4892C072C7C249300C5FF16 /* .gitignore */ = {isa = PBXFileReference; lastKnownFileType = text; path = .gitignore; sourceTree = "<group>"; };
		F4892C0D2C7C27BE00C5FF16 /* ExampleCommon.swift */ = {isa = PBXFileReference; lastKnownFileType = sourcecode.swift; path = ExampleCommon.swift; sourceTree = "<group>"; };
		F4892C0F2C7C27D800C5FF16 /* ExampleModel.swift */ = {isa = PBXFileReference; lastKnownFileType = sourcecode.swift; path = ExampleModel.swift; sourceTree = "<group>"; };
		F4892C132C7C973800C5FF16 /* TabBarController.swift */ = {isa = PBXFileReference; indentWidth = 4; lastKnownFileType = sourcecode.swift; path = TabBarController.swift; sourceTree = "<group>"; tabWidth = 4; };
		F4892C152C7C981000C5FF16 /* LoginVC.swift */ = {isa = PBXFileReference; indentWidth = 4; lastKnownFileType = sourcecode.swift; path = LoginVC.swift; sourceTree = "<group>"; tabWidth = 4; };
		F4892C192C7C984A00C5FF16 /* SearchVC.swift */ = {isa = PBXFileReference; indentWidth = 4; lastKnownFileType = sourcecode.swift; path = SearchVC.swift; sourceTree = "<group>"; tabWidth = 4; };
		F4892C1B2C7C988A00C5FF16 /* ClimbingGymVC.swift */ = {isa = PBXFileReference; indentWidth = 4; lastKnownFileType = sourcecode.swift; path = ClimbingGymVC.swift; sourceTree = "<group>"; tabWidth = 4; };
		F4892C1D2C7C98A100C5FF16 /* MyPageVC.swift */ = {isa = PBXFileReference; indentWidth = 4; lastKnownFileType = sourcecode.swift; path = MyPageVC.swift; sourceTree = "<group>"; tabWidth = 4; };
		F4892C212C7C9DC700C5FF16 /* CodingConvention.md */ = {isa = PBXFileReference; lastKnownFileType = net.daringfireball.markdown; path = CodingConvention.md; sourceTree = "<group>"; };
		F4892C232C7CBC8700C5FF16 /* UploadVM.swift */ = {isa = PBXFileReference; lastKnownFileType = sourcecode.swift; path = UploadVM.swift; sourceTree = "<group>"; };
		F4892C2A2C7CCDF200C5FF16 /* Identifiers.swift */ = {isa = PBXFileReference; indentWidth = 4; lastKnownFileType = sourcecode.swift; path = Identifiers.swift; sourceTree = "<group>"; tabWidth = 4; };
		F4892C2E2C7D9EA700C5FF16 /* UploadNameSpace.swift */ = {isa = PBXFileReference; lastKnownFileType = sourcecode.swift; path = UploadNameSpace.swift; sourceTree = "<group>"; };
		F4892C362C7E26D900C5FF16 /* UploadOptionView.swift */ = {isa = PBXFileReference; lastKnownFileType = sourcecode.swift; path = UploadOptionView.swift; sourceTree = "<group>"; };
		F4892C3D2C7EFD4700C5FF16 /* UploadVC.swift */ = {isa = PBXFileReference; fileEncoding = 4; lastKnownFileType = sourcecode.swift; path = UploadVC.swift; sourceTree = "<group>"; };
/* End PBXFileReference section */

/* Begin PBXFrameworksBuildPhase section */
		917DA8912CD4AE13006FF6B9 /* Frameworks */ = {
			isa = PBXFrameworksBuildPhase;
			buildActionMask = 2147483647;
			files = (
			);
			runOnlyForDeploymentPostprocessing = 0;
		};
		F4892BE02C7C237700C5FF16 /* Frameworks */ = {
			isa = PBXFrameworksBuildPhase;
			buildActionMask = 2147483647;
			files = (
				6BC91FA12C7EEACF00B34083 /* KakaoSDKCommon in Frameworks */,
				917DA89E2CD4B0A0006FF6B9 /* RxBlocking in Frameworks */,
				6BC91FAE2C7EEB4E00B34083 /* FirebaseFunctions in Frameworks */,
				43EC6AD72C9171AA004A2E2F /* LightCompressor in Frameworks */,
				6BC91FAC2C7EEB4E00B34083 /* FirebaseFirestore in Frameworks */,
				6BC91F9F2C7EEACF00B34083 /* KakaoSDKAuth in Frameworks */,
				6BC91F9A2C7EEA5A00B34083 /* GoogleSignInSwift in Frameworks */,
				F4892C062C7C23FA00C5FF16 /* Kingfisher in Frameworks */,
				6BC91F982C7EEA3F00B34083 /* GoogleSignIn in Frameworks */,
				F4892BFF2C7C23AC00C5FF16 /* RxCocoa in Frameworks */,
				6BC91FB02C7EEB4E00B34083 /* FirebaseStorage in Frameworks */,
				6BC91FAA2C7EEB4E00B34083 /* FirebaseDatabase in Frameworks */,
				F4892BFC2C7C239900C5FF16 /* SnapKit in Frameworks */,
				6BC91FA82C7EEB4E00B34083 /* FirebaseAuth in Frameworks */,
				6BC91F9D2C7EEACF00B34083 /* KakaoSDK in Frameworks */,
				6BC91FA62C7EEB4E00B34083 /* FirebaseAnalytics in Frameworks */,
				F4892C422C8038B500C5FF16 /* RxSwift in Frameworks */,
				6BC91FA32C7EEACF00B34083 /* KakaoSDKUser in Frameworks */,
			);
			runOnlyForDeploymentPostprocessing = 0;
		};
/* End PBXFrameworksBuildPhase section */

/* Begin PBXGroup section */
		436AEAF12C7EEC7900E0D85A /* MyPage */ = {
			isa = PBXGroup;
			children = (
				F4892C1D2C7C98A100C5FF16 /* MyPageVC.swift */,
				436AEAE92C7DCD1100E0D85A /* MyPageCell.swift */,
				C4E29C1A2C8874780076BCA6 /* MyPageDetailFeedVC.swift */,
				436AEAF32C7EEE9900E0D85A /* UserPageVC.swift */,
			);
			path = MyPage;
			sourceTree = "<group>";
		};
		436AEAF22C7EECA300E0D85A /* Search */ = {
			isa = PBXGroup;
			children = (
				F4892C192C7C984A00C5FF16 /* SearchVC.swift */,
				436AEADF2C7D69CB00E0D85A /* GymTableViewCell.swift */,
				6BCF42D92C942C22000EF20B /* UserTableViewCell.swift */,
			);
			path = Search;
			sourceTree = "<group>";
		};
		6B8F38B72C888F4E0018C40D /* SignUp */ = {
			isa = PBXGroup;
			children = (
				6B8F38B82C888F6A0018C40D /* PrivacyPolicyVC.swift */,
				6B9033412C8AAA5E0012D955 /* RangePickerVC.swift */,
				6B8F38C62C894BC50018C40D /* CreateNickNameVC.swift */,
				6B90333F2C89DB1B0012D955 /* PersonalDetailsVC.swift */,
			);
			path = SignUp;
			sourceTree = "<group>";
		};
		6B8F38C82C8954FD0018C40D /* ClimbingGymVM */ = {
			isa = PBXGroup;
			children = (
				6BC91F942C7CCE3A00B34083 /* ClimbingGymVM.swift */,
				6BA24C952C846F1B0089CECE /* ClimbingDetailGymVM.swift */,
			);
			path = ClimbingGymVM;
			sourceTree = "<group>";
		};
		6B8F38C92C89551E0018C40D /* SignUpVM */ = {
			isa = PBXGroup;
			children = (
				6B8F38CA2C8955350018C40D /* PrivacyPolicyVM.swift */,
				6B8F38CC2C8989D10018C40D /* CreateNickNameVM.swift */,
				C49FC70C2CA265B300CD66D9 /* PersonalDetailsVM.swift */,
			);
			path = SignUpVM;
			sourceTree = "<group>";
		};
		6BC91F912C7CC79300B34083 /* ClimbingGym */ = {
			isa = PBXGroup;
			children = (
				6B6B376D2C85807800C9C87A /* GymHeaderView.swift */,
				F4892C1B2C7C988A00C5FF16 /* ClimbingGymVC.swift */,
				6BA24C932C81A0F00089CECE /* ClimbingDeatilGymVC.swift */,
				6B8467BB2C85DDE9006B062D /* ClimbingGymInfoView.swift */,
				6BC91F922C7CC81400B34083 /* SectionTableViewCell.swift */,
				6BA24C912C80D9150089CECE /* SectionDetailTableViewCell.swift */,
			);
			path = ClimbingGym;
			sourceTree = "<group>";
		};
		916D64D12C848BA70064B766 /* Feed */ = {
			isa = PBXGroup;
			children = (
				916D64CF2C848A540064B766 /* FeedView.swift */,
				916D64D22C848BE00064B766 /* FeedCell.swift */,
			);
			path = Feed;
			sourceTree = "<group>";
		};
		917DA8952CD4AE13006FF6B9 /* WeClimbTests */ = {
			isa = PBXGroup;
			children = (
				917DA8962CD4AE13006FF6B9 /* WeClimbTests.swift */,
			);
			path = WeClimbTests;
			sourceTree = "<group>";
		};
		C45DC9D32C80502E00FC4C1D /* MainFeed */ = {
			isa = PBXGroup;
			children = (
				C4E29C1C2C898AFB0076BCA6 /* SFMainFeedVC.swift */,
				91995F1F2CA4A24000BCC004 /* SFFeedCell.swift */,
				C4E29C1E2C898DC80076BCA6 /* SFCollectionViewCell.swift */,
				C47A0AF92C8AF1A60068173A /* CommentModalVC.swift */,
				C47A0B002C9115760068173A /* CommentCell.swift */,
				C47A0AFC2C90310B0068173A /* FeedReportModalVC.swift */,
			);
			path = MainFeed;
			sourceTree = "<group>";
		};
		C4EC63502CBE18FE00ED49B4 /* Setting */ = {
			isa = PBXGroup;
			children = (
				43A79ADB2C85AA7400B960A2 /* SettingVC.swift */,
				43A79AE32C85C3B800B960A2 /* SettingCell.swift */,
				435B7E412C8024AB00EB9816 /* EditPageVC.swift */,
				43A79AC92C81717500B960A2 /* EditPageCell.swift */,
				C49FC7082C9F1B0E00CD66D9 /* EditNickNameVC.swift */,
				C49FC70A2CA1535C00CD66D9 /* EditPersonalDetailsVC.swift */,
				43A79AD92C85930A00B960A2 /* ProfileImagePickerVC.swift */,
				6B7F76942CA47F1D00B05B3F /* BlackListVC.swift */,
				6B7F76962CA4A1C200B05B3F /* BlackListCell.swift */,
			);
			path = Setting;
			sourceTree = "<group>";
		};
		F4892BDA2C7C237700C5FF16 = {
			isa = PBXGroup;
			children = (
				917DA89F2CD4B340006FF6B9 /* WeClimb.xctestplan */,
				F4892C212C7C9DC700C5FF16 /* CodingConvention.md */,
				F4892C072C7C249300C5FF16 /* .gitignore */,
				F4892C022C7C23D400C5FF16 /* CodeConvention.md */,
				F4892C002C7C23CE00C5FF16 /* CommitConvention.md */,
				F4892BE52C7C237700C5FF16 /* WeClimb */,
				917DA8952CD4AE13006FF6B9 /* WeClimbTests */,
				F4892BE42C7C237700C5FF16 /* Products */,
				F4892C402C8038B500C5FF16 /* Frameworks */,
			);
			sourceTree = "<group>";
		};
		F4892BE42C7C237700C5FF16 /* Products */ = {
			isa = PBXGroup;
			children = (
				F4892BE32C7C237700C5FF16 /* WeClimb.app */,
				917DA8942CD4AE13006FF6B9 /* WeClimbTests.xctest */,
			);
			name = Products;
			sourceTree = "<group>";
		};
		F4892BE52C7C237700C5FF16 /* WeClimb */ = {
			isa = PBXGroup;
			children = (
				6BC91FB52C7F16D800B34083 /* WeClimb.entitlements */,
				F4892BE62C7C237700C5FF16 /* AppDelegate.swift */,
				F4892BE82C7C237700C5FF16 /* SceneDelegate.swift */,
				C40397B62C7CB4CC00923777 /* Extension.swift */,
				F4892C0C2C7C27A800C5FF16 /* Common */,
				F4892C0A2C7C278C00C5FF16 /* Model */,
				F4892C092C7C278500C5FF16 /* View */,
				F4892C0B2C7C279300C5FF16 /* ViewModel */,
				F4892BF12C7C237900C5FF16 /* LaunchScreen.storyboard */,
				F4892BEF2C7C237900C5FF16 /* Assets.xcassets */,
				F4892BF42C7C237900C5FF16 /* Info.plist */,
				6BC91FB22C7F016A00B34083 /* Config.xcconfig */,
				6BC91FB12C7F016A00B34083 /* GoogleService-Info.plist */,
			);
			path = WeClimb;
			sourceTree = "<group>";
		};
		F4892C092C7C278500C5FF16 /* View */ = {
			isa = PBXGroup;
			children = (
				F4892C132C7C973800C5FF16 /* TabBarController.swift */,
				F4892C152C7C981000C5FF16 /* LoginVC.swift */,
				C440789D2CA319B200B747A6 /* GuestVC.swift */,
				6B8F38B72C888F4E0018C40D /* SignUp */,
				916D64D12C848BA70064B766 /* Feed */,
				C45DC9D32C80502E00FC4C1D /* MainFeed */,
				436AEAF22C7EECA300E0D85A /* Search */,
				436AEAF12C7EEC7900E0D85A /* MyPage */,
				C4EC63502CBE18FE00ED49B4 /* Setting */,
				6BC91F912C7CC79300B34083 /* ClimbingGym */,
				F4892C272C7CC18700C5FF16 /* Upload */,
			);
			path = View;
			sourceTree = "<group>";
		};
		F4892C0A2C7C278C00C5FF16 /* Model */ = {
			isa = PBXGroup;
			children = (
				F4892C0F2C7C27D800C5FF16 /* ExampleModel.swift */,
				C45DC9D42C80519100FC4C1D /* FeedModel.swift */,
				436AEAF72C7F0EEE00E0D85A /* SearchModel.swift */,
				043942922C86BCF000AA0D9D /* FirebaseModel.swift */,
				43A79AD52C853EC100B960A2 /* EditModel.swift */,
				43A79AE12C85BD3B00B960A2 /* SettingModel.swift */,
				6B2815452C8572A800BE1D40 /* ClimbingGym.swift */,
				43EC6ACA2C8B5026004A2E2F /* FeedCellModel.swift */,
				91F71CE22C89844900405778 /* User.swift */,
				91AF25622C8D771A002283BD /* Gym.swift */,
				91BFA9322C91962F0044D5AD /* Post.swift */,
			);
			path = Model;
			sourceTree = "<group>";
		};
		F4892C0B2C7C279300C5FF16 /* ViewModel */ = {
			isa = PBXGroup;
			children = (
				6B8F38C92C89551E0018C40D /* SignUpVM */,
				6B8F38C82C8954FD0018C40D /* ClimbingGymVM */,
				C4E29C162C806F170076BCA6 /* MainFeedVM.swift */,
				C4D47EF72CC2408B00E451C4 /* LikeVM.swift */,
				F4892C232C7CBC8700C5FF16 /* UploadVM.swift */,
				436AEAE12C7D69F000E0D85A /* SearchVM.swift */,
				6B7F76982CA4A8E900B05B3F /* BlackListVM.swift */,
				436AEAEB2C7DCE3C00E0D85A /* MyPageVM.swift */,
				43A79ACB2C819CB200B960A2 /* EditPageVM.swift */,
				43A79AD72C85481300B960A2 /* DetailEditVM.swift */,
				43A79ADF2C85BB7E00B960A2 /* SettingVM.swift */,
				91F71CDE2C88A3C400405778 /* LoginVM.swift */,
				6B16C0EC2C9AE121004249AF /* UserPageVM.swift */,
				91FF42CB2CC5F37C003D9279 /* SNSAuthVM.swift */,
				912613282CD8FE1300CD5E74 /* CommentVM.swift */,
				91F566CD2CDB566700485F79 /* CommentCellVM.swift */,
			);
			path = ViewModel;
			sourceTree = "<group>";
		};
		F4892C0C2C7C27A800C5FF16 /* Common */ = {
			isa = PBXGroup;
			children = (
				F4892C0D2C7C27BE00C5FF16 /* ExampleCommon.swift */,
				F4892C2A2C7CCDF200C5FF16 /* Identifiers.swift */,
				C47A0AFE2C9038990068173A /* FeedNameSpace.swift */,
				6B8467BD2C86129B006B062D /* ClimbingGymNameSpace.swift */,
				F4892C2E2C7D9EA700C5FF16 /* UploadNameSpace.swift */,
				436AEAED2C7EC1F500E0D85A /* MypageNameSpace.swift */,
				436AEAEF2C7EE63C00E0D85A /* SearchNameSpace.swift */,
				436AEAF52C7EEF0A00E0D85A /* UserPageNameSpace.swift */,
				43A79AE52C86CEFE00B960A2 /* SettingNameSpace.swift */,
				91F71CE02C89835700405778 /* FirebaseManager.swift */,
				91AF25602C8C15FC002283BD /* Enumeration.swift */,
				43E883522CA27BFE00EF7469 /* CommonManager.swift */,
				C431978F2CAAC3FD00029E3C /* ProfileManager.swift */,
			);
			path = Common;
			sourceTree = "<group>";
		};
		F4892C272C7CC18700C5FF16 /* Upload */ = {
			isa = PBXGroup;
			children = (
				F4892C3D2C7EFD4700C5FF16 /* UploadVC.swift */,
				F4892C362C7E26D900C5FF16 /* UploadOptionView.swift */,
			);
			path = Upload;
			sourceTree = "<group>";
		};
		F4892C402C8038B500C5FF16 /* Frameworks */ = {
			isa = PBXGroup;
			children = (
			);
			name = Frameworks;
			sourceTree = "<group>";
		};
/* End PBXGroup section */

/* Begin PBXNativeTarget section */
		917DA8932CD4AE13006FF6B9 /* WeClimbTests */ = {
			isa = PBXNativeTarget;
			buildConfigurationList = 917DA89C2CD4AE13006FF6B9 /* Build configuration list for PBXNativeTarget "WeClimbTests" */;
			buildPhases = (
				917DA8902CD4AE13006FF6B9 /* Sources */,
				917DA8912CD4AE13006FF6B9 /* Frameworks */,
				917DA8922CD4AE13006FF6B9 /* Resources */,
			);
			buildRules = (
			);
			dependencies = (
				917DA8992CD4AE13006FF6B9 /* PBXTargetDependency */,
			);
			name = WeClimbTests;
			productName = WeClimbTests;
			productReference = 917DA8942CD4AE13006FF6B9 /* WeClimbTests.xctest */;
			productType = "com.apple.product-type.bundle.unit-test";
		};
		F4892BE22C7C237700C5FF16 /* WeClimb */ = {
			isa = PBXNativeTarget;
			buildConfigurationList = F4892BF72C7C237900C5FF16 /* Build configuration list for PBXNativeTarget "WeClimb" */;
			buildPhases = (
				F4892BDF2C7C237700C5FF16 /* Sources */,
				F4892BE02C7C237700C5FF16 /* Frameworks */,
				F4892BE12C7C237700C5FF16 /* Resources */,
			);
			buildRules = (
			);
			dependencies = (
			);
			name = WeClimb;
			packageProductDependencies = (
				F4892BFB2C7C239900C5FF16 /* SnapKit */,
				F4892BFE2C7C23AC00C5FF16 /* RxCocoa */,
				F4892C052C7C23FA00C5FF16 /* Kingfisher */,
				6BC91F972C7EEA3F00B34083 /* GoogleSignIn */,
				6BC91F992C7EEA5A00B34083 /* GoogleSignInSwift */,
				6BC91F9C2C7EEACF00B34083 /* KakaoSDK */,
				6BC91F9E2C7EEACF00B34083 /* KakaoSDKAuth */,
				6BC91FA02C7EEACF00B34083 /* KakaoSDKCommon */,
				6BC91FA22C7EEACF00B34083 /* KakaoSDKUser */,
				6BC91FA52C7EEB4E00B34083 /* FirebaseAnalytics */,
				6BC91FA72C7EEB4E00B34083 /* FirebaseAuth */,
				6BC91FA92C7EEB4E00B34083 /* FirebaseDatabase */,
				6BC91FAB2C7EEB4E00B34083 /* FirebaseFirestore */,
				6BC91FAD2C7EEB4E00B34083 /* FirebaseFunctions */,
				6BC91FAF2C7EEB4E00B34083 /* FirebaseStorage */,
				F4892C412C8038B500C5FF16 /* RxSwift */,
				43EC6AD62C9171AA004A2E2F /* LightCompressor */,
				917DA89D2CD4B0A0006FF6B9 /* RxBlocking */,
			);
			productName = WeClimb;
			productReference = F4892BE32C7C237700C5FF16 /* WeClimb.app */;
			productType = "com.apple.product-type.application";
		};
/* End PBXNativeTarget section */

/* Begin PBXProject section */
		F4892BDB2C7C237700C5FF16 /* Project object */ = {
			isa = PBXProject;
			attributes = {
				BuildIndependentTargetsInParallel = 1;
				LastSwiftUpdateCheck = 1540;
				LastUpgradeCheck = 1540;
				TargetAttributes = {
					917DA8932CD4AE13006FF6B9 = {
						CreatedOnToolsVersion = 15.4;
						TestTargetID = F4892BE22C7C237700C5FF16;
					};
					F4892BE22C7C237700C5FF16 = {
						CreatedOnToolsVersion = 15.4;
					};
				};
			};
			buildConfigurationList = F4892BDE2C7C237700C5FF16 /* Build configuration list for PBXProject "WeClimb" */;
			compatibilityVersion = "Xcode 14.0";
			developmentRegion = en;
			hasScannedForEncodings = 0;
			knownRegions = (
				en,
				Base,
			);
			mainGroup = F4892BDA2C7C237700C5FF16;
			packageReferences = (
				F4892BFA2C7C239900C5FF16 /* XCRemoteSwiftPackageReference "SnapKit" */,
				F4892BFD2C7C23AC00C5FF16 /* XCRemoteSwiftPackageReference "RxSwift" */,
				F4892C042C7C23FA00C5FF16 /* XCRemoteSwiftPackageReference "Kingfisher" */,
				6BC91F962C7EEA3F00B34083 /* XCRemoteSwiftPackageReference "GoogleSignIn-iOS" */,
				6BC91F9B2C7EEACE00B34083 /* XCRemoteSwiftPackageReference "kakao-ios-sdk" */,
				6BC91FA42C7EEB4D00B34083 /* XCRemoteSwiftPackageReference "firebase-ios-sdk" */,
				43EC6AD52C9171AA004A2E2F /* XCRemoteSwiftPackageReference "LightCompressor_iOS" */,
			);
			productRefGroup = F4892BE42C7C237700C5FF16 /* Products */;
			projectDirPath = "";
			projectRoot = "";
			targets = (
				F4892BE22C7C237700C5FF16 /* WeClimb */,
				917DA8932CD4AE13006FF6B9 /* WeClimbTests */,
			);
		};
/* End PBXProject section */

/* Begin PBXResourcesBuildPhase section */
		917DA8922CD4AE13006FF6B9 /* Resources */ = {
			isa = PBXResourcesBuildPhase;
			buildActionMask = 2147483647;
			files = (
			);
			runOnlyForDeploymentPostprocessing = 0;
		};
		F4892BE12C7C237700C5FF16 /* Resources */ = {
			isa = PBXResourcesBuildPhase;
			buildActionMask = 2147483647;
			files = (
				F4892BF02C7C237900C5FF16 /* Assets.xcassets in Resources */,
				F4892BF32C7C237900C5FF16 /* Base in Resources */,
				F4892C012C7C23CE00C5FF16 /* CommitConvention.md in Resources */,
				F4892C222C7C9DC700C5FF16 /* CodingConvention.md in Resources */,
				F4892C032C7C23D400C5FF16 /* CodeConvention.md in Resources */,
				F4892C082C7C249300C5FF16 /* .gitignore in Resources */,
				6BC91FB32C7F016A00B34083 /* GoogleService-Info.plist in Resources */,
			);
			runOnlyForDeploymentPostprocessing = 0;
		};
/* End PBXResourcesBuildPhase section */

/* Begin PBXSourcesBuildPhase section */
		917DA8902CD4AE13006FF6B9 /* Sources */ = {
			isa = PBXSourcesBuildPhase;
			buildActionMask = 2147483647;
			files = (
				917DA8972CD4AE13006FF6B9 /* WeClimbTests.swift in Sources */,
			);
			runOnlyForDeploymentPostprocessing = 0;
		};
		F4892BDF2C7C237700C5FF16 /* Sources */ = {
			isa = PBXSourcesBuildPhase;
			buildActionMask = 2147483647;
			files = (
				043942932C86BCF000AA0D9D /* FirebaseModel.swift in Sources */,
				436AEAEE2C7EC1F500E0D85A /* MypageNameSpace.swift in Sources */,
				6B8F38CB2C8955350018C40D /* PrivacyPolicyVM.swift in Sources */,
				C440789E2CA319B200B747A6 /* GuestVC.swift in Sources */,
				6B8467BE2C86129B006B062D /* ClimbingGymNameSpace.swift in Sources */,
				F4892C1E2C7C98A100C5FF16 /* MyPageVC.swift in Sources */,
				6B8F38B92C888F6B0018C40D /* PrivacyPolicyVC.swift in Sources */,
				435B7E422C8024AB00EB9816 /* EditPageVC.swift in Sources */,
				6B6B376E2C85807800C9C87A /* GymHeaderView.swift in Sources */,
				F4892C2F2C7D9EA700C5FF16 /* UploadNameSpace.swift in Sources */,
				C4E29C1D2C898AFB0076BCA6 /* SFMainFeedVC.swift in Sources */,
				F4892C2B2C7CCDF200C5FF16 /* Identifiers.swift in Sources */,
				6B16C0ED2C9AE121004249AF /* UserPageVM.swift in Sources */,
				436AEAF82C7F0EEE00E0D85A /* SearchModel.swift in Sources */,
				43A79ACC2C819CB200B960A2 /* EditPageVM.swift in Sources */,
				6B9033422C8AAA5E0012D955 /* RangePickerVC.swift in Sources */,
				43A79AE02C85BB7E00B960A2 /* SettingVM.swift in Sources */,
				6B9033402C89DB1B0012D955 /* PersonalDetailsVC.swift in Sources */,
				C49FC7092C9F1B0E00CD66D9 /* EditNickNameVC.swift in Sources */,
				F4892C162C7C981000C5FF16 /* LoginVC.swift in Sources */,
				6B7F76972CA4A1C300B05B3F /* BlackListCell.swift in Sources */,
				43A79AE22C85BD3B00B960A2 /* SettingModel.swift in Sources */,
				F4892C102C7C27D800C5FF16 /* ExampleModel.swift in Sources */,
				C49FC70B2CA1535C00CD66D9 /* EditPersonalDetailsVC.swift in Sources */,
				43A79ADA2C85930A00B960A2 /* ProfileImagePickerVC.swift in Sources */,
				6BA24C962C846F1B0089CECE /* ClimbingDetailGymVM.swift in Sources */,
				436AEAEA2C7DCD1100E0D85A /* MyPageCell.swift in Sources */,
				F4892C3F2C8013CF00C5FF16 /* UploadOptionView.swift in Sources */,
				436AEAF42C7EEE9900E0D85A /* UserPageVC.swift in Sources */,
				C43197902CAAC3FD00029E3C /* ProfileManager.swift in Sources */,
				F4892BE72C7C237700C5FF16 /* AppDelegate.swift in Sources */,
				43A79ADC2C85AA7400B960A2 /* SettingVC.swift in Sources */,
				C47A0AFA2C8AF1A60068173A /* CommentModalVC.swift in Sources */,
				43E883532CA27BFE00EF7469 /* CommonManager.swift in Sources */,
				43A79AE62C86CEFE00B960A2 /* SettingNameSpace.swift in Sources */,
				6B2815462C8572A800BE1D40 /* ClimbingGym.swift in Sources */,
				F4892C3E2C7EFD4700C5FF16 /* UploadVC.swift in Sources */,
				912613292CD8FE1300CD5E74 /* CommentVM.swift in Sources */,
				C47A0AFD2C90310B0068173A /* FeedReportModalVC.swift in Sources */,
				F4892C1A2C7C984A00C5FF16 /* SearchVC.swift in Sources */,
				43A79ACA2C81717500B960A2 /* EditPageCell.swift in Sources */,
				C4D47EF82CC2408B00E451C4 /* LikeVM.swift in Sources */,
				C4E29C1F2C898DC80076BCA6 /* SFCollectionViewCell.swift in Sources */,
				436AEAE02C7D69CB00E0D85A /* GymTableViewCell.swift in Sources */,
				6B8F38C72C894BC50018C40D /* CreateNickNameVC.swift in Sources */,
				C4E29C172C806F170076BCA6 /* MainFeedVM.swift in Sources */,
				C45DC9D52C80519100FC4C1D /* FeedModel.swift in Sources */,
				916D64D32C848BE00064B766 /* FeedCell.swift in Sources */,
				6BC91F952C7CCE3A00B34083 /* ClimbingGymVM.swift in Sources */,
				C4E29C1B2C8874780076BCA6 /* MyPageDetailFeedVC.swift in Sources */,
				91F71CDF2C88A3C400405778 /* LoginVM.swift in Sources */,
				6BA24C942C81A0F00089CECE /* ClimbingDeatilGymVC.swift in Sources */,
				6BC91F932C7CC81400B34083 /* SectionTableViewCell.swift in Sources */,
				C47A0AFF2C9038990068173A /* FeedNameSpace.swift in Sources */,
				F4892C1C2C7C988B00C5FF16 /* ClimbingGymVC.swift in Sources */,
				91AF25632C8D771A002283BD /* Gym.swift in Sources */,
				43A79AD62C853EC100B960A2 /* EditModel.swift in Sources */,
				91F566CE2CDB566700485F79 /* CommentCellVM.swift in Sources */,
				436AEAF02C7EE63C00E0D85A /* SearchNameSpace.swift in Sources */,
				C40397B72C7CB4CC00923777 /* Extension.swift in Sources */,
				43A79AE42C85C3B800B960A2 /* SettingCell.swift in Sources */,
				43A79AD82C85481300B960A2 /* DetailEditVM.swift in Sources */,
				91F71CE12C89835700405778 /* FirebaseManager.swift in Sources */,
				F4892C142C7C973800C5FF16 /* TabBarController.swift in Sources */,
				91AF25612C8C15FC002283BD /* Enumeration.swift in Sources */,
				F4892BE92C7C237700C5FF16 /* SceneDelegate.swift in Sources */,
				436AEAE22C7D69F000E0D85A /* SearchVM.swift in Sources */,
				6B8F38CD2C8989D10018C40D /* CreateNickNameVM.swift in Sources */,
				916D64D02C848A540064B766 /* FeedView.swift in Sources */,
				6BCF42DA2C942C22000EF20B /* UserTableViewCell.swift in Sources */,
				436AEAF62C7EEF0A00E0D85A /* UserPageNameSpace.swift in Sources */,
				F4892C242C7CBC8700C5FF16 /* UploadVM.swift in Sources */,
				C49FC70D2CA265B300CD66D9 /* PersonalDetailsVM.swift in Sources */,
				91FF42CC2CC5F37C003D9279 /* SNSAuthVM.swift in Sources */,
				6B7F76992CA4A8E900B05B3F /* BlackListVM.swift in Sources */,
				C47A0B012C9115760068173A /* CommentCell.swift in Sources */,
				91995F202CA4A24100BCC004 /* SFFeedCell.swift in Sources */,
				F4892C0E2C7C27BE00C5FF16 /* ExampleCommon.swift in Sources */,
				43EC6ACB2C8B5026004A2E2F /* FeedCellModel.swift in Sources */,
				6B8467BC2C85DDE9006B062D /* ClimbingGymInfoView.swift in Sources */,
				91BFA9332C91962F0044D5AD /* Post.swift in Sources */,
				436AEAEC2C7DCE3C00E0D85A /* MyPageVM.swift in Sources */,
				6BA24C922C80D9150089CECE /* SectionDetailTableViewCell.swift in Sources */,
				6B7F76952CA47F1D00B05B3F /* BlackListVC.swift in Sources */,
				91F71CE32C89844900405778 /* User.swift in Sources */,
			);
			runOnlyForDeploymentPostprocessing = 0;
		};
/* End PBXSourcesBuildPhase section */

/* Begin PBXTargetDependency section */
		917DA8992CD4AE13006FF6B9 /* PBXTargetDependency */ = {
			isa = PBXTargetDependency;
			target = F4892BE22C7C237700C5FF16 /* WeClimb */;
			targetProxy = 917DA8982CD4AE13006FF6B9 /* PBXContainerItemProxy */;
		};
/* End PBXTargetDependency section */

/* Begin PBXVariantGroup section */
		F4892BF12C7C237900C5FF16 /* LaunchScreen.storyboard */ = {
			isa = PBXVariantGroup;
			children = (
				F4892BF22C7C237900C5FF16 /* Base */,
			);
			name = LaunchScreen.storyboard;
			sourceTree = "<group>";
		};
/* End PBXVariantGroup section */

/* Begin XCBuildConfiguration section */
		917DA89A2CD4AE13006FF6B9 /* Debug */ = {
			isa = XCBuildConfiguration;
			buildSettings = {
				BUNDLE_LOADER = "$(TEST_HOST)";
				CODE_SIGN_STYLE = Automatic;
				CURRENT_PROJECT_VERSION = 1;
				DEVELOPMENT_TEAM = 72GVCX2P2A;
				GENERATE_INFOPLIST_FILE = YES;
				IPHONEOS_DEPLOYMENT_TARGET = 17.5;
				MACOSX_DEPLOYMENT_TARGET = 14.5;
				MARKETING_VERSION = 1.0;
				PRODUCT_BUNDLE_IDENTIFIER = soobeenJang.WeClimbTests;
				PRODUCT_NAME = "$(TARGET_NAME)";
				SDKROOT = auto;
				SUPPORTED_PLATFORMS = "iphoneos iphonesimulator macosx";
				SWIFT_EMIT_LOC_STRINGS = NO;
				SWIFT_VERSION = 5.0;
				TARGETED_DEVICE_FAMILY = "1,2";
				TEST_HOST = "$(BUILT_PRODUCTS_DIR)/WeClimb.app/$(BUNDLE_EXECUTABLE_FOLDER_PATH)/WeClimb";
			};
			name = Debug;
		};
		917DA89B2CD4AE13006FF6B9 /* Release */ = {
			isa = XCBuildConfiguration;
			buildSettings = {
				BUNDLE_LOADER = "$(TEST_HOST)";
				CODE_SIGN_STYLE = Automatic;
				CURRENT_PROJECT_VERSION = 1;
				DEVELOPMENT_TEAM = 72GVCX2P2A;
				GENERATE_INFOPLIST_FILE = YES;
				IPHONEOS_DEPLOYMENT_TARGET = 17.5;
				MACOSX_DEPLOYMENT_TARGET = 14.5;
				MARKETING_VERSION = 1.0;
				PRODUCT_BUNDLE_IDENTIFIER = soobeenJang.WeClimbTests;
				PRODUCT_NAME = "$(TARGET_NAME)";
				SDKROOT = auto;
				SUPPORTED_PLATFORMS = "iphoneos iphonesimulator macosx";
				SWIFT_EMIT_LOC_STRINGS = NO;
				SWIFT_VERSION = 5.0;
				TARGETED_DEVICE_FAMILY = "1,2";
				TEST_HOST = "$(BUILT_PRODUCTS_DIR)/WeClimb.app/$(BUNDLE_EXECUTABLE_FOLDER_PATH)/WeClimb";
			};
			name = Release;
		};
		F4892BF52C7C237900C5FF16 /* Debug */ = {
			isa = XCBuildConfiguration;
			baseConfigurationReference = 6BC91FB22C7F016A00B34083 /* Config.xcconfig */;
			buildSettings = {
				ALWAYS_SEARCH_USER_PATHS = NO;
				ASSETCATALOG_COMPILER_GENERATE_SWIFT_ASSET_SYMBOL_EXTENSIONS = YES;
				CLANG_ANALYZER_NONNULL = YES;
				CLANG_ANALYZER_NUMBER_OBJECT_CONVERSION = YES_AGGRESSIVE;
				CLANG_CXX_LANGUAGE_STANDARD = "gnu++20";
				CLANG_ENABLE_MODULES = YES;
				CLANG_ENABLE_OBJC_ARC = YES;
				CLANG_ENABLE_OBJC_WEAK = YES;
				CLANG_WARN_BLOCK_CAPTURE_AUTORELEASING = YES;
				CLANG_WARN_BOOL_CONVERSION = YES;
				CLANG_WARN_COMMA = YES;
				CLANG_WARN_CONSTANT_CONVERSION = YES;
				CLANG_WARN_DEPRECATED_OBJC_IMPLEMENTATIONS = YES;
				CLANG_WARN_DIRECT_OBJC_ISA_USAGE = YES_ERROR;
				CLANG_WARN_DOCUMENTATION_COMMENTS = YES;
				CLANG_WARN_EMPTY_BODY = YES;
				CLANG_WARN_ENUM_CONVERSION = YES;
				CLANG_WARN_INFINITE_RECURSION = YES;
				CLANG_WARN_INT_CONVERSION = YES;
				CLANG_WARN_NON_LITERAL_NULL_CONVERSION = YES;
				CLANG_WARN_OBJC_IMPLICIT_RETAIN_SELF = YES;
				CLANG_WARN_OBJC_LITERAL_CONVERSION = YES;
				CLANG_WARN_OBJC_ROOT_CLASS = YES_ERROR;
				CLANG_WARN_QUOTED_INCLUDE_IN_FRAMEWORK_HEADER = YES;
				CLANG_WARN_RANGE_LOOP_ANALYSIS = YES;
				CLANG_WARN_STRICT_PROTOTYPES = YES;
				CLANG_WARN_SUSPICIOUS_MOVE = YES;
				CLANG_WARN_UNGUARDED_AVAILABILITY = YES_AGGRESSIVE;
				CLANG_WARN_UNREACHABLE_CODE = YES;
				CLANG_WARN__DUPLICATE_METHOD_MATCH = YES;
				COPY_PHASE_STRIP = NO;
				DEBUG_INFORMATION_FORMAT = dwarf;
				ENABLE_STRICT_OBJC_MSGSEND = YES;
				ENABLE_TESTABILITY = YES;
				ENABLE_TESTING_SEARCH_PATHS = YES;
				ENABLE_USER_SCRIPT_SANDBOXING = YES;
				GCC_C_LANGUAGE_STANDARD = gnu17;
				GCC_DYNAMIC_NO_PIC = NO;
				GCC_NO_COMMON_BLOCKS = YES;
				GCC_OPTIMIZATION_LEVEL = 0;
				GCC_PREPROCESSOR_DEFINITIONS = (
					"DEBUG=1",
					"$(inherited)",
				);
				GCC_WARN_64_TO_32_BIT_CONVERSION = YES;
				GCC_WARN_ABOUT_RETURN_TYPE = YES_ERROR;
				GCC_WARN_UNDECLARED_SELECTOR = YES;
				GCC_WARN_UNINITIALIZED_AUTOS = YES_AGGRESSIVE;
				GCC_WARN_UNUSED_FUNCTION = YES;
				GCC_WARN_UNUSED_VARIABLE = YES;
				IPHONEOS_DEPLOYMENT_TARGET = 17.5;
				LOCALIZATION_PREFERS_STRING_CATALOGS = YES;
				MTL_ENABLE_DEBUG_INFO = INCLUDE_SOURCE;
				MTL_FAST_MATH = YES;
				ONLY_ACTIVE_ARCH = YES;
				SDKROOT = iphoneos;
				SWIFT_ACTIVE_COMPILATION_CONDITIONS = "DEBUG $(inherited)";
				SWIFT_OPTIMIZATION_LEVEL = "-Onone";
			};
			name = Debug;
		};
		F4892BF62C7C237900C5FF16 /* Release */ = {
			isa = XCBuildConfiguration;
			baseConfigurationReference = 6BC91FB22C7F016A00B34083 /* Config.xcconfig */;
			buildSettings = {
				ALWAYS_SEARCH_USER_PATHS = NO;
				ASSETCATALOG_COMPILER_GENERATE_SWIFT_ASSET_SYMBOL_EXTENSIONS = YES;
				CLANG_ANALYZER_NONNULL = YES;
				CLANG_ANALYZER_NUMBER_OBJECT_CONVERSION = YES_AGGRESSIVE;
				CLANG_CXX_LANGUAGE_STANDARD = "gnu++20";
				CLANG_ENABLE_MODULES = YES;
				CLANG_ENABLE_OBJC_ARC = YES;
				CLANG_ENABLE_OBJC_WEAK = YES;
				CLANG_WARN_BLOCK_CAPTURE_AUTORELEASING = YES;
				CLANG_WARN_BOOL_CONVERSION = YES;
				CLANG_WARN_COMMA = YES;
				CLANG_WARN_CONSTANT_CONVERSION = YES;
				CLANG_WARN_DEPRECATED_OBJC_IMPLEMENTATIONS = YES;
				CLANG_WARN_DIRECT_OBJC_ISA_USAGE = YES_ERROR;
				CLANG_WARN_DOCUMENTATION_COMMENTS = YES;
				CLANG_WARN_EMPTY_BODY = YES;
				CLANG_WARN_ENUM_CONVERSION = YES;
				CLANG_WARN_INFINITE_RECURSION = YES;
				CLANG_WARN_INT_CONVERSION = YES;
				CLANG_WARN_NON_LITERAL_NULL_CONVERSION = YES;
				CLANG_WARN_OBJC_IMPLICIT_RETAIN_SELF = YES;
				CLANG_WARN_OBJC_LITERAL_CONVERSION = YES;
				CLANG_WARN_OBJC_ROOT_CLASS = YES_ERROR;
				CLANG_WARN_QUOTED_INCLUDE_IN_FRAMEWORK_HEADER = YES;
				CLANG_WARN_RANGE_LOOP_ANALYSIS = YES;
				CLANG_WARN_STRICT_PROTOTYPES = YES;
				CLANG_WARN_SUSPICIOUS_MOVE = YES;
				CLANG_WARN_UNGUARDED_AVAILABILITY = YES_AGGRESSIVE;
				CLANG_WARN_UNREACHABLE_CODE = YES;
				CLANG_WARN__DUPLICATE_METHOD_MATCH = YES;
				COPY_PHASE_STRIP = NO;
				DEBUG_INFORMATION_FORMAT = "dwarf-with-dsym";
				ENABLE_NS_ASSERTIONS = NO;
				ENABLE_STRICT_OBJC_MSGSEND = YES;
				ENABLE_TESTING_SEARCH_PATHS = YES;
				ENABLE_USER_SCRIPT_SANDBOXING = YES;
				GCC_C_LANGUAGE_STANDARD = gnu17;
				GCC_NO_COMMON_BLOCKS = YES;
				GCC_WARN_64_TO_32_BIT_CONVERSION = YES;
				GCC_WARN_ABOUT_RETURN_TYPE = YES_ERROR;
				GCC_WARN_UNDECLARED_SELECTOR = YES;
				GCC_WARN_UNINITIALIZED_AUTOS = YES_AGGRESSIVE;
				GCC_WARN_UNUSED_FUNCTION = YES;
				GCC_WARN_UNUSED_VARIABLE = YES;
				IPHONEOS_DEPLOYMENT_TARGET = 17.5;
				LOCALIZATION_PREFERS_STRING_CATALOGS = YES;
				MTL_ENABLE_DEBUG_INFO = NO;
				MTL_FAST_MATH = YES;
				SDKROOT = iphoneos;
				SWIFT_COMPILATION_MODE = wholemodule;
				VALIDATE_PRODUCT = YES;
			};
			name = Release;
		};
		F4892BF82C7C237900C5FF16 /* Debug */ = {
			isa = XCBuildConfiguration;
			baseConfigurationReference = 6BC91FB22C7F016A00B34083 /* Config.xcconfig */;
			buildSettings = {
				ASSETCATALOG_COMPILER_APPICON_NAME = AppIcon;
				ASSETCATALOG_COMPILER_GLOBAL_ACCENT_COLOR_NAME = AccentColor;
				CODE_SIGN_ENTITLEMENTS = WeClimb/WeClimb.entitlements;
				CODE_SIGN_IDENTITY = "Apple Development";
				"CODE_SIGN_IDENTITY[sdk=iphoneos*]" = "iPhone Developer";
				CODE_SIGN_STYLE = Manual;
				CURRENT_PROJECT_VERSION = " 0.8.0";
				DEVELOPMENT_TEAM = TBHH7W8T8K;
				"DEVELOPMENT_TEAM[sdk=iphoneos*]" = 3R26TKQ96R;
				GENERATE_INFOPLIST_FILE = YES;
				INFOPLIST_FILE = WeClimb/Info.plist;
				INFOPLIST_KEY_LSApplicationCategoryType = "public.app-category.social-networking";
				INFOPLIST_KEY_NSPhotoLibraryAddUsageDescription = "사진앱 권한을 확인해주세요";
				INFOPLIST_KEY_NSPhotoLibraryUsageDescription = "사진앱 권한을 확인해주세요.";
				INFOPLIST_KEY_UIApplicationSupportsIndirectInputEvents = YES;
				INFOPLIST_KEY_UILaunchStoryboardName = LaunchScreen;
				INFOPLIST_KEY_UISupportedInterfaceOrientations_iPad = "UIInterfaceOrientationPortrait UIInterfaceOrientationPortraitUpsideDown UIInterfaceOrientationLandscapeLeft UIInterfaceOrientationLandscapeRight";
				INFOPLIST_KEY_UISupportedInterfaceOrientations_iPhone = UIInterfaceOrientationPortrait;
				IPHONEOS_DEPLOYMENT_TARGET = 16.0;
				LD_RUNPATH_SEARCH_PATHS = (
					"$(inherited)",
					"@executable_path/Frameworks",
				);
				MARKETING_VERSION = " 0.8.0";
				"OTHER_LDFLAGS[arch=*]" = "-objC";
				PRODUCT_BUNDLE_IDENTIFIER = com.iosclimber.WeClimb;
				PRODUCT_NAME = "$(TARGET_NAME)";
				PROVISIONING_PROFILE_SPECIFIER = "";
				"PROVISIONING_PROFILE_SPECIFIER[sdk=iphoneos*]" = WeClimb;
				SUPPORTED_PLATFORMS = "iphoneos iphonesimulator";
				SUPPORTS_MACCATALYST = NO;
				SWIFT_EMIT_LOC_STRINGS = YES;
				SWIFT_VERSION = 5.0;
				TARGETED_DEVICE_FAMILY = 1;
			};
			name = Debug;
		};
		F4892BF92C7C237900C5FF16 /* Release */ = {
			isa = XCBuildConfiguration;
			baseConfigurationReference = 6BC91FB22C7F016A00B34083 /* Config.xcconfig */;
			buildSettings = {
				ASSETCATALOG_COMPILER_APPICON_NAME = AppIcon;
				ASSETCATALOG_COMPILER_GLOBAL_ACCENT_COLOR_NAME = AccentColor;
				CODE_SIGN_ENTITLEMENTS = WeClimb/WeClimb.entitlements;
				CODE_SIGN_IDENTITY = "Apple Development";
				"CODE_SIGN_IDENTITY[sdk=iphoneos*]" = "iPhone Developer";
				CODE_SIGN_STYLE = Manual;
				CURRENT_PROJECT_VERSION = " 0.8.0";
				DEVELOPMENT_TEAM = TBHH7W8T8K;
				"DEVELOPMENT_TEAM[sdk=iphoneos*]" = 3R26TKQ96R;
				GENERATE_INFOPLIST_FILE = YES;
				INFOPLIST_FILE = WeClimb/Info.plist;
				INFOPLIST_KEY_LSApplicationCategoryType = "public.app-category.social-networking";
				INFOPLIST_KEY_NSPhotoLibraryAddUsageDescription = "사진앱 권한을 확인해주세요";
				INFOPLIST_KEY_NSPhotoLibraryUsageDescription = "사진앱 권한을 확인해주세요.";
				INFOPLIST_KEY_UIApplicationSupportsIndirectInputEvents = YES;
				INFOPLIST_KEY_UILaunchStoryboardName = LaunchScreen;
				INFOPLIST_KEY_UISupportedInterfaceOrientations_iPad = "UIInterfaceOrientationPortrait UIInterfaceOrientationPortraitUpsideDown UIInterfaceOrientationLandscapeLeft UIInterfaceOrientationLandscapeRight";
				INFOPLIST_KEY_UISupportedInterfaceOrientations_iPhone = UIInterfaceOrientationPortrait;
				IPHONEOS_DEPLOYMENT_TARGET = 16.0;
				LD_RUNPATH_SEARCH_PATHS = (
					"$(inherited)",
					"@executable_path/Frameworks",
				);
				MARKETING_VERSION = " 0.8.0";
				"OTHER_LDFLAGS[arch=*]" = "-objC";
				PRODUCT_BUNDLE_IDENTIFIER = com.iosclimber.WeClimb;
				PRODUCT_NAME = "$(TARGET_NAME)";
				PROVISIONING_PROFILE_SPECIFIER = "";
				"PROVISIONING_PROFILE_SPECIFIER[sdk=iphoneos*]" = WeClimb;
				SUPPORTED_PLATFORMS = "iphoneos iphonesimulator";
				SUPPORTS_MACCATALYST = NO;
				SWIFT_EMIT_LOC_STRINGS = YES;
				SWIFT_VERSION = 5.0;
				TARGETED_DEVICE_FAMILY = 1;
			};
			name = Release;
		};
/* End XCBuildConfiguration section */

/* Begin XCConfigurationList section */
		917DA89C2CD4AE13006FF6B9 /* Build configuration list for PBXNativeTarget "WeClimbTests" */ = {
			isa = XCConfigurationList;
			buildConfigurations = (
				917DA89A2CD4AE13006FF6B9 /* Debug */,
				917DA89B2CD4AE13006FF6B9 /* Release */,
			);
			defaultConfigurationIsVisible = 0;
			defaultConfigurationName = Release;
		};
		F4892BDE2C7C237700C5FF16 /* Build configuration list for PBXProject "WeClimb" */ = {
			isa = XCConfigurationList;
			buildConfigurations = (
				F4892BF52C7C237900C5FF16 /* Debug */,
				F4892BF62C7C237900C5FF16 /* Release */,
			);
			defaultConfigurationIsVisible = 0;
			defaultConfigurationName = Release;
		};
		F4892BF72C7C237900C5FF16 /* Build configuration list for PBXNativeTarget "WeClimb" */ = {
			isa = XCConfigurationList;
			buildConfigurations = (
				F4892BF82C7C237900C5FF16 /* Debug */,
				F4892BF92C7C237900C5FF16 /* Release */,
			);
			defaultConfigurationIsVisible = 0;
			defaultConfigurationName = Release;
		};
/* End XCConfigurationList section */

/* Begin XCRemoteSwiftPackageReference section */
		43EC6AD52C9171AA004A2E2F /* XCRemoteSwiftPackageReference "LightCompressor_iOS" */ = {
			isa = XCRemoteSwiftPackageReference;
			repositoryURL = "https://github.com/AbedElazizShe/LightCompressor_iOS.git";
			requirement = {
				kind = upToNextMajorVersion;
				minimumVersion = 1.0.0;
			};
		};
		6BC91F962C7EEA3F00B34083 /* XCRemoteSwiftPackageReference "GoogleSignIn-iOS" */ = {
			isa = XCRemoteSwiftPackageReference;
			repositoryURL = "https://github.com/google/GoogleSignIn-iOS";
			requirement = {
				kind = upToNextMajorVersion;
				minimumVersion = 8.0.0;
			};
		};
		6BC91F9B2C7EEACE00B34083 /* XCRemoteSwiftPackageReference "kakao-ios-sdk" */ = {
			isa = XCRemoteSwiftPackageReference;
			repositoryURL = "https://github.com/kakao/kakao-ios-sdk";
			requirement = {
				kind = upToNextMajorVersion;
				minimumVersion = 2.22.6;
			};
		};
		6BC91FA42C7EEB4D00B34083 /* XCRemoteSwiftPackageReference "firebase-ios-sdk" */ = {
			isa = XCRemoteSwiftPackageReference;
			repositoryURL = "https://github.com/firebase/firebase-ios-sdk";
			requirement = {
				kind = upToNextMajorVersion;
				minimumVersion = 11.1.0;
			};
		};
		F4892BFA2C7C239900C5FF16 /* XCRemoteSwiftPackageReference "SnapKit" */ = {
			isa = XCRemoteSwiftPackageReference;
			repositoryURL = "https://github.com/SnapKit/SnapKit.git";
			requirement = {
				kind = upToNextMajorVersion;
				minimumVersion = 5.7.1;
			};
		};
		F4892BFD2C7C23AC00C5FF16 /* XCRemoteSwiftPackageReference "RxSwift" */ = {
			isa = XCRemoteSwiftPackageReference;
			repositoryURL = "https://github.com/ReactiveX/RxSwift.git";
			requirement = {
				kind = upToNextMajorVersion;
				minimumVersion = 6.7.1;
			};
		};
		F4892C042C7C23FA00C5FF16 /* XCRemoteSwiftPackageReference "Kingfisher" */ = {
			isa = XCRemoteSwiftPackageReference;
			repositoryURL = "https://github.com/onevcat/Kingfisher.git";
			requirement = {
				kind = upToNextMajorVersion;
				minimumVersion = 7.12.0;
			};
		};
/* End XCRemoteSwiftPackageReference section */

/* Begin XCSwiftPackageProductDependency section */
		43EC6AD62C9171AA004A2E2F /* LightCompressor */ = {
			isa = XCSwiftPackageProductDependency;
			package = 43EC6AD52C9171AA004A2E2F /* XCRemoteSwiftPackageReference "LightCompressor_iOS" */;
			productName = LightCompressor;
		};
		6BC91F972C7EEA3F00B34083 /* GoogleSignIn */ = {
			isa = XCSwiftPackageProductDependency;
			package = 6BC91F962C7EEA3F00B34083 /* XCRemoteSwiftPackageReference "GoogleSignIn-iOS" */;
			productName = GoogleSignIn;
		};
		6BC91F992C7EEA5A00B34083 /* GoogleSignInSwift */ = {
			isa = XCSwiftPackageProductDependency;
			package = 6BC91F962C7EEA3F00B34083 /* XCRemoteSwiftPackageReference "GoogleSignIn-iOS" */;
			productName = GoogleSignInSwift;
		};
		6BC91F9C2C7EEACF00B34083 /* KakaoSDK */ = {
			isa = XCSwiftPackageProductDependency;
			package = 6BC91F9B2C7EEACE00B34083 /* XCRemoteSwiftPackageReference "kakao-ios-sdk" */;
			productName = KakaoSDK;
		};
		6BC91F9E2C7EEACF00B34083 /* KakaoSDKAuth */ = {
			isa = XCSwiftPackageProductDependency;
			package = 6BC91F9B2C7EEACE00B34083 /* XCRemoteSwiftPackageReference "kakao-ios-sdk" */;
			productName = KakaoSDKAuth;
		};
		6BC91FA02C7EEACF00B34083 /* KakaoSDKCommon */ = {
			isa = XCSwiftPackageProductDependency;
			package = 6BC91F9B2C7EEACE00B34083 /* XCRemoteSwiftPackageReference "kakao-ios-sdk" */;
			productName = KakaoSDKCommon;
		};
		6BC91FA22C7EEACF00B34083 /* KakaoSDKUser */ = {
			isa = XCSwiftPackageProductDependency;
			package = 6BC91F9B2C7EEACE00B34083 /* XCRemoteSwiftPackageReference "kakao-ios-sdk" */;
			productName = KakaoSDKUser;
		};
		6BC91FA52C7EEB4E00B34083 /* FirebaseAnalytics */ = {
			isa = XCSwiftPackageProductDependency;
			package = 6BC91FA42C7EEB4D00B34083 /* XCRemoteSwiftPackageReference "firebase-ios-sdk" */;
			productName = FirebaseAnalytics;
		};
		6BC91FA72C7EEB4E00B34083 /* FirebaseAuth */ = {
			isa = XCSwiftPackageProductDependency;
			package = 6BC91FA42C7EEB4D00B34083 /* XCRemoteSwiftPackageReference "firebase-ios-sdk" */;
			productName = FirebaseAuth;
		};
		6BC91FA92C7EEB4E00B34083 /* FirebaseDatabase */ = {
			isa = XCSwiftPackageProductDependency;
			package = 6BC91FA42C7EEB4D00B34083 /* XCRemoteSwiftPackageReference "firebase-ios-sdk" */;
			productName = FirebaseDatabase;
		};
		6BC91FAB2C7EEB4E00B34083 /* FirebaseFirestore */ = {
			isa = XCSwiftPackageProductDependency;
			package = 6BC91FA42C7EEB4D00B34083 /* XCRemoteSwiftPackageReference "firebase-ios-sdk" */;
			productName = FirebaseFirestore;
		};
		6BC91FAD2C7EEB4E00B34083 /* FirebaseFunctions */ = {
			isa = XCSwiftPackageProductDependency;
			package = 6BC91FA42C7EEB4D00B34083 /* XCRemoteSwiftPackageReference "firebase-ios-sdk" */;
			productName = FirebaseFunctions;
		};
		6BC91FAF2C7EEB4E00B34083 /* FirebaseStorage */ = {
			isa = XCSwiftPackageProductDependency;
			package = 6BC91FA42C7EEB4D00B34083 /* XCRemoteSwiftPackageReference "firebase-ios-sdk" */;
			productName = FirebaseStorage;
		};
		917DA89D2CD4B0A0006FF6B9 /* RxBlocking */ = {
			isa = XCSwiftPackageProductDependency;
			package = F4892BFD2C7C23AC00C5FF16 /* XCRemoteSwiftPackageReference "RxSwift" */;
			productName = RxBlocking;
		};
		F4892BFB2C7C239900C5FF16 /* SnapKit */ = {
			isa = XCSwiftPackageProductDependency;
			package = F4892BFA2C7C239900C5FF16 /* XCRemoteSwiftPackageReference "SnapKit" */;
			productName = SnapKit;
		};
		F4892BFE2C7C23AC00C5FF16 /* RxCocoa */ = {
			isa = XCSwiftPackageProductDependency;
			package = F4892BFD2C7C23AC00C5FF16 /* XCRemoteSwiftPackageReference "RxSwift" */;
			productName = RxCocoa;
		};
		F4892C052C7C23FA00C5FF16 /* Kingfisher */ = {
			isa = XCSwiftPackageProductDependency;
			package = F4892C042C7C23FA00C5FF16 /* XCRemoteSwiftPackageReference "Kingfisher" */;
			productName = Kingfisher;
		};
		F4892C412C8038B500C5FF16 /* RxSwift */ = {
			isa = XCSwiftPackageProductDependency;
			package = F4892BFD2C7C23AC00C5FF16 /* XCRemoteSwiftPackageReference "RxSwift" */;
			productName = RxSwift;
		};
/* End XCSwiftPackageProductDependency section */
	};
	rootObject = F4892BDB2C7C237700C5FF16 /* Project object */;
}
