// !$*UTF8*$!
{
	archiveVersion = 1;
	classes = {
	};
	objectVersion = 76;
	objects = {

/* Begin PBXBuildFile section */
		43EC6AD72C9171AA004A2E2F /* LightCompressor in Frameworks */ = {isa = PBXBuildFile; productRef = 43EC6AD62C9171AA004A2E2F /* LightCompressor */; };
		6B7EEBC62D1293D8008017A5 /* Swinject in Frameworks */ = {isa = PBXBuildFile; productRef = 6B7EEBC52D1293D8008017A5 /* Swinject */; };
		6B7EEBFF2D12CD79008017A5 /* FirebaseMessaging in Frameworks */ = {isa = PBXBuildFile; productRef = 6B7EEBFE2D12CD79008017A5 /* FirebaseMessaging */; };
		6BC91F982C7EEA3F00B34083 /* GoogleSignIn in Frameworks */ = {isa = PBXBuildFile; productRef = 6BC91F972C7EEA3F00B34083 /* GoogleSignIn */; };
		6BC91F9A2C7EEA5A00B34083 /* GoogleSignInSwift in Frameworks */ = {isa = PBXBuildFile; productRef = 6BC91F992C7EEA5A00B34083 /* GoogleSignInSwift */; };
		6BC91F9D2C7EEACF00B34083 /* KakaoSDK in Frameworks */ = {isa = PBXBuildFile; productRef = 6BC91F9C2C7EEACF00B34083 /* KakaoSDK */; };
		6BC91F9F2C7EEACF00B34083 /* KakaoSDKAuth in Frameworks */ = {isa = PBXBuildFile; productRef = 6BC91F9E2C7EEACF00B34083 /* KakaoSDKAuth */; };
		6BC91FA12C7EEACF00B34083 /* KakaoSDKCommon in Frameworks */ = {isa = PBXBuildFile; productRef = 6BC91FA02C7EEACF00B34083 /* KakaoSDKCommon */; };
		6BC91FA32C7EEACF00B34083 /* KakaoSDKUser in Frameworks */ = {isa = PBXBuildFile; productRef = 6BC91FA22C7EEACF00B34083 /* KakaoSDKUser */; };
		6BC91FA62C7EEB4E00B34083 /* FirebaseAnalytics in Frameworks */ = {isa = PBXBuildFile; productRef = 6BC91FA52C7EEB4E00B34083 /* FirebaseAnalytics */; };
		6BC91FA82C7EEB4E00B34083 /* FirebaseAuth in Frameworks */ = {isa = PBXBuildFile; productRef = 6BC91FA72C7EEB4E00B34083 /* FirebaseAuth */; };
		6BC91FAA2C7EEB4E00B34083 /* FirebaseDatabase in Frameworks */ = {isa = PBXBuildFile; productRef = 6BC91FA92C7EEB4E00B34083 /* FirebaseDatabase */; };
		6BC91FAC2C7EEB4E00B34083 /* FirebaseFirestore in Frameworks */ = {isa = PBXBuildFile; productRef = 6BC91FAB2C7EEB4E00B34083 /* FirebaseFirestore */; };
		6BC91FAE2C7EEB4E00B34083 /* FirebaseFunctions in Frameworks */ = {isa = PBXBuildFile; productRef = 6BC91FAD2C7EEB4E00B34083 /* FirebaseFunctions */; };
		6BC91FB02C7EEB4E00B34083 /* FirebaseStorage in Frameworks */ = {isa = PBXBuildFile; productRef = 6BC91FAF2C7EEB4E00B34083 /* FirebaseStorage */; };
		917DA89E2CD4B0A0006FF6B9 /* RxBlocking in Frameworks */ = {isa = PBXBuildFile; productRef = 917DA89D2CD4B0A0006FF6B9 /* RxBlocking */; };
		91C562232CF0E48E00CBE1F3 /* FirebaseRemoteConfig in Frameworks */ = {isa = PBXBuildFile; productRef = 91C562222CF0E48E00CBE1F3 /* FirebaseRemoteConfig */; };
		F4892BFC2C7C239900C5FF16 /* SnapKit in Frameworks */ = {isa = PBXBuildFile; productRef = F4892BFB2C7C239900C5FF16 /* SnapKit */; };
		F4892BFF2C7C23AC00C5FF16 /* RxCocoa in Frameworks */ = {isa = PBXBuildFile; productRef = F4892BFE2C7C23AC00C5FF16 /* RxCocoa */; };
		F4892C012C7C23CE00C5FF16 /* CommitConvention.md in Resources */ = {isa = PBXBuildFile; fileRef = F4892C002C7C23CE00C5FF16 /* CommitConvention.md */; };
		F4892C032C7C23D400C5FF16 /* CodeConvention.md in Resources */ = {isa = PBXBuildFile; fileRef = F4892C022C7C23D400C5FF16 /* CodeConvention.md */; };
		F4892C062C7C23FA00C5FF16 /* Kingfisher in Frameworks */ = {isa = PBXBuildFile; productRef = F4892C052C7C23FA00C5FF16 /* Kingfisher */; };
		F4892C082C7C249300C5FF16 /* .gitignore in Resources */ = {isa = PBXBuildFile; fileRef = F4892C072C7C249300C5FF16 /* .gitignore */; };
		F4892C222C7C9DC700C5FF16 /* CodingConvention.md in Resources */ = {isa = PBXBuildFile; fileRef = F4892C212C7C9DC700C5FF16 /* CodingConvention.md */; };
		F4892C422C8038B500C5FF16 /* RxSwift in Frameworks */ = {isa = PBXBuildFile; productRef = F4892C412C8038B500C5FF16 /* RxSwift */; };
/* End PBXBuildFile section */

/* Begin PBXContainerItemProxy section */
		917DA8982CD4AE13006FF6B9 /* PBXContainerItemProxy */ = {
			isa = PBXContainerItemProxy;
			containerPortal = F4892BDB2C7C237700C5FF16 /* Project object */;
			proxyType = 1;
			remoteGlobalIDString = F4892BE22C7C237700C5FF16;
			remoteInfo = WeClimb;
		};
/* End PBXContainerItemProxy section */

/* Begin PBXFileReference section */
		6B7EE71F2D126ED9008017A5 /* WeClimb.app */ = {isa = PBXFileReference; explicitFileType = wrapper.application; includeInIndex = 0; path = WeClimb.app; sourceTree = BUILT_PRODUCTS_DIR; };
		6B7EE7202D126ED9008017A5 /* WeClimbTests.xctest */ = {isa = PBXFileReference; explicitFileType = wrapper.cfbundle; includeInIndex = 0; path = WeClimbTests.xctest; sourceTree = BUILT_PRODUCTS_DIR; };
		917DA89F2CD4B340006FF6B9 /* WeClimb.xctestplan */ = {isa = PBXFileReference; lastKnownFileType = text; path = WeClimb.xctestplan; sourceTree = "<group>"; };
		F4892C002C7C23CE00C5FF16 /* CommitConvention.md */ = {isa = PBXFileReference; fileEncoding = 4; lastKnownFileType = net.daringfireball.markdown; path = CommitConvention.md; sourceTree = "<group>"; };
		F4892C022C7C23D400C5FF16 /* CodeConvention.md */ = {isa = PBXFileReference; fileEncoding = 4; lastKnownFileType = net.daringfireball.markdown; path = CodeConvention.md; sourceTree = "<group>"; };
		F4892C072C7C249300C5FF16 /* .gitignore */ = {isa = PBXFileReference; lastKnownFileType = text; path = .gitignore; sourceTree = "<group>"; };
		F4892C212C7C9DC700C5FF16 /* CodingConvention.md */ = {isa = PBXFileReference; lastKnownFileType = net.daringfireball.markdown; path = CodingConvention.md; sourceTree = "<group>"; };
/* End PBXFileReference section */

/* Begin PBXFileSystemSynchronizedBuildFileExceptionSet section */
		6B7EE5262D1173A6008017A5 /* PBXFileSystemSynchronizedBuildFileExceptionSet */ = {
			isa = PBXFileSystemSynchronizedBuildFileExceptionSet;
			membershipExceptions = (
				/Localized/App/LaunchScreen.storyboard,
				App/Config.xcconfig,
				App/Info.plist,
			);
			target = F4892BE22C7C237700C5FF16 /* WeClimb */;
		};
/* End PBXFileSystemSynchronizedBuildFileExceptionSet section */

/* Begin PBXFileSystemSynchronizedGroupBuildPhaseMembershipExceptionSet section */
		6B7EE5272D1173A6008017A5 /* PBXFileSystemSynchronizedGroupBuildPhaseMembershipExceptionSet */ = {
			isa = PBXFileSystemSynchronizedGroupBuildPhaseMembershipExceptionSet;
			buildPhase = F4892BE12C7C237700C5FF16 /* Resources */;
			membershipExceptions = (
				App/Base.lproj/LaunchScreen.storyboard,
			);
		};
/* End PBXFileSystemSynchronizedGroupBuildPhaseMembershipExceptionSet section */

/* Begin PBXFileSystemSynchronizedRootGroup section */
		6B7EE3782D11737A008017A5 /* WeClimbTests */ = {isa = PBXFileSystemSynchronizedRootGroup; explicitFileTypes = {}; explicitFolders = (); path = WeClimbTests; sourceTree = "<group>"; };
		6B7EE47C2D1173A6008017A5 /* WeClimb */ = {isa = PBXFileSystemSynchronizedRootGroup; exceptions = (6B7EE5262D1173A6008017A5 /* PBXFileSystemSynchronizedBuildFileExceptionSet */, 6B7EE5272D1173A6008017A5 /* PBXFileSystemSynchronizedGroupBuildPhaseMembershipExceptionSet */, ); explicitFileTypes = {}; explicitFolders = (); path = WeClimb; sourceTree = "<group>"; };
/* End PBXFileSystemSynchronizedRootGroup section */

/* Begin PBXFrameworksBuildPhase section */
		917DA8912CD4AE13006FF6B9 /* Frameworks */ = {
			isa = PBXFrameworksBuildPhase;
			buildActionMask = 2147483647;
			files = (
			);
			runOnlyForDeploymentPostprocessing = 0;
		};
		F4892BE02C7C237700C5FF16 /* Frameworks */ = {
			isa = PBXFrameworksBuildPhase;
			buildActionMask = 2147483647;
			files = (
				6BC91FA12C7EEACF00B34083 /* KakaoSDKCommon in Frameworks */,
				917DA89E2CD4B0A0006FF6B9 /* RxBlocking in Frameworks */,
				6BC91FAE2C7EEB4E00B34083 /* FirebaseFunctions in Frameworks */,
				43EC6AD72C9171AA004A2E2F /* LightCompressor in Frameworks */,
				6BC91FAC2C7EEB4E00B34083 /* FirebaseFirestore in Frameworks */,
				6BC91F9F2C7EEACF00B34083 /* KakaoSDKAuth in Frameworks */,
				6BC91F9A2C7EEA5A00B34083 /* GoogleSignInSwift in Frameworks */,
				F4892C062C7C23FA00C5FF16 /* Kingfisher in Frameworks */,
				6BC91F982C7EEA3F00B34083 /* GoogleSignIn in Frameworks */,
				6B7EEBFF2D12CD79008017A5 /* FirebaseMessaging in Frameworks */,
				F4892BFF2C7C23AC00C5FF16 /* RxCocoa in Frameworks */,
				91C562232CF0E48E00CBE1F3 /* FirebaseRemoteConfig in Frameworks */,
				6B7EEBC62D1293D8008017A5 /* Swinject in Frameworks */,
				6BC91FB02C7EEB4E00B34083 /* FirebaseStorage in Frameworks */,
				6BC91FAA2C7EEB4E00B34083 /* FirebaseDatabase in Frameworks */,
				F4892BFC2C7C239900C5FF16 /* SnapKit in Frameworks */,
				6BC91FA82C7EEB4E00B34083 /* FirebaseAuth in Frameworks */,
				6BC91F9D2C7EEACF00B34083 /* KakaoSDK in Frameworks */,
				6BC91FA62C7EEB4E00B34083 /* FirebaseAnalytics in Frameworks */,
				F4892C422C8038B500C5FF16 /* RxSwift in Frameworks */,
				6BC91FA32C7EEACF00B34083 /* KakaoSDKUser in Frameworks */,
			);
			runOnlyForDeploymentPostprocessing = 0;
		};
/* End PBXFrameworksBuildPhase section */

/* Begin PBXGroup section */
		6B7EEBFD2D12CD79008017A5 /* Frameworks */ = {
			isa = PBXGroup;
			children = (
			);
			name = Frameworks;
			sourceTree = "<group>";
		};
		F4892BDA2C7C237700C5FF16 = {
			isa = PBXGroup;
			children = (
				917DA89F2CD4B340006FF6B9 /* WeClimb.xctestplan */,
				F4892C212C7C9DC700C5FF16 /* CodingConvention.md */,
				F4892C072C7C249300C5FF16 /* .gitignore */,
				F4892C022C7C23D400C5FF16 /* CodeConvention.md */,
				F4892C002C7C23CE00C5FF16 /* CommitConvention.md */,
				6B7EE47C2D1173A6008017A5 /* WeClimb */,
				6B7EE3782D11737A008017A5 /* WeClimbTests */,
				6B7EE71F2D126ED9008017A5 /* WeClimb.app */,
				6B7EE7202D126ED9008017A5 /* WeClimbTests.xctest */,
				6B7EEBFD2D12CD79008017A5 /* Frameworks */,
			);
			sourceTree = "<group>";
		};
/* End PBXGroup section */

/* Begin PBXNativeTarget section */
		917DA8932CD4AE13006FF6B9 /* WeClimbTests */ = {
			isa = PBXNativeTarget;
			buildConfigurationList = 917DA89C2CD4AE13006FF6B9 /* Build configuration list for PBXNativeTarget "WeClimbTests" */;
			buildPhases = (
				917DA8902CD4AE13006FF6B9 /* Sources */,
				917DA8912CD4AE13006FF6B9 /* Frameworks */,
				917DA8922CD4AE13006FF6B9 /* Resources */,
			);
			buildRules = (
			);
			dependencies = (
				917DA8992CD4AE13006FF6B9 /* PBXTargetDependency */,
			);
			fileSystemSynchronizedGroups = (
				6B7EE3782D11737A008017A5 /* WeClimbTests */,
			);
			name = WeClimbTests;
			productName = WeClimbTests;
			productReference = 6B7EE7202D126ED9008017A5 /* WeClimbTests.xctest */;
			productType = "com.apple.product-type.bundle.unit-test";
		};
		F4892BE22C7C237700C5FF16 /* WeClimb */ = {
			isa = PBXNativeTarget;
			buildConfigurationList = F4892BF72C7C237900C5FF16 /* Build configuration list for PBXNativeTarget "WeClimb" */;
			buildPhases = (
				F4892BDF2C7C237700C5FF16 /* Sources */,
				F4892BE02C7C237700C5FF16 /* Frameworks */,
				F4892BE12C7C237700C5FF16 /* Resources */,
			);
			buildRules = (
			);
			dependencies = (
			);
			fileSystemSynchronizedGroups = (
				6B7EE47C2D1173A6008017A5 /* WeClimb */,
			);
			name = WeClimb;
			packageProductDependencies = (
				F4892BFB2C7C239900C5FF16 /* SnapKit */,
				F4892BFE2C7C23AC00C5FF16 /* RxCocoa */,
				F4892C052C7C23FA00C5FF16 /* Kingfisher */,
				6BC91F972C7EEA3F00B34083 /* GoogleSignIn */,
				6BC91F992C7EEA5A00B34083 /* GoogleSignInSwift */,
				6BC91F9C2C7EEACF00B34083 /* KakaoSDK */,
				6BC91F9E2C7EEACF00B34083 /* KakaoSDKAuth */,
				6BC91FA02C7EEACF00B34083 /* KakaoSDKCommon */,
				6BC91FA22C7EEACF00B34083 /* KakaoSDKUser */,
				6BC91FA52C7EEB4E00B34083 /* FirebaseAnalytics */,
				6BC91FA72C7EEB4E00B34083 /* FirebaseAuth */,
				6BC91FA92C7EEB4E00B34083 /* FirebaseDatabase */,
				6BC91FAB2C7EEB4E00B34083 /* FirebaseFirestore */,
				6BC91FAD2C7EEB4E00B34083 /* FirebaseFunctions */,
				6BC91FAF2C7EEB4E00B34083 /* FirebaseStorage */,
				F4892C412C8038B500C5FF16 /* RxSwift */,
				43EC6AD62C9171AA004A2E2F /* LightCompressor */,
				917DA89D2CD4B0A0006FF6B9 /* RxBlocking */,
				91C562222CF0E48E00CBE1F3 /* FirebaseRemoteConfig */,
				6B7EEBC52D1293D8008017A5 /* Swinject */,
				6B7EEBFE2D12CD79008017A5 /* FirebaseMessaging */,
			);
			productName = WeClimb;
			productReference = 6B7EE71F2D126ED9008017A5 /* WeClimb.app */;
			productType = "com.apple.product-type.application";
		};
/* End PBXNativeTarget section */

/* Begin PBXProject section */
		F4892BDB2C7C237700C5FF16 /* Project object */ = {
			isa = PBXProject;
			attributes = {
				BuildIndependentTargetsInParallel = 1;
				LastSwiftUpdateCheck = 1540;
				LastUpgradeCheck = 1540;
				TargetAttributes = {
					917DA8932CD4AE13006FF6B9 = {
						CreatedOnToolsVersion = 15.4;
						TestTargetID = F4892BE22C7C237700C5FF16;
					};
					F4892BE22C7C237700C5FF16 = {
						CreatedOnToolsVersion = 15.4;
					};
				};
			};
			buildConfigurationList = F4892BDE2C7C237700C5FF16 /* Build configuration list for PBXProject "WeClimb" */;
			developmentRegion = en;
			hasScannedForEncodings = 0;
			knownRegions = (
				en,
				Base,
			);
			mainGroup = F4892BDA2C7C237700C5FF16;
			packageReferences = (
				F4892BFA2C7C239900C5FF16 /* XCRemoteSwiftPackageReference "SnapKit" */,
				F4892BFD2C7C23AC00C5FF16 /* XCRemoteSwiftPackageReference "RxSwift" */,
				F4892C042C7C23FA00C5FF16 /* XCRemoteSwiftPackageReference "Kingfisher" */,
				6BC91F962C7EEA3F00B34083 /* XCRemoteSwiftPackageReference "GoogleSignIn-iOS" */,
				6BC91F9B2C7EEACE00B34083 /* XCRemoteSwiftPackageReference "kakao-ios-sdk" */,
				6BC91FA42C7EEB4D00B34083 /* XCRemoteSwiftPackageReference "firebase-ios-sdk" */,
				43EC6AD52C9171AA004A2E2F /* XCRemoteSwiftPackageReference "LightCompressor_iOS" */,
				6B7EEBC42D1293D8008017A5 /* XCRemoteSwiftPackageReference "Swinject" */,
			);
			preferredProjectObjectVersion = 56;
			productRefGroup = F4892BDA2C7C237700C5FF16;
			projectDirPath = "";
			projectRoot = "";
			targets = (
				F4892BE22C7C237700C5FF16 /* WeClimb */,
				917DA8932CD4AE13006FF6B9 /* WeClimbTests */,
			);
		};
/* End PBXProject section */

/* Begin PBXResourcesBuildPhase section */
		917DA8922CD4AE13006FF6B9 /* Resources */ = {
			isa = PBXResourcesBuildPhase;
			buildActionMask = 2147483647;
			files = (
			);
			runOnlyForDeploymentPostprocessing = 0;
		};
		F4892BE12C7C237700C5FF16 /* Resources */ = {
			isa = PBXResourcesBuildPhase;
			buildActionMask = 2147483647;
			files = (
				F4892C012C7C23CE00C5FF16 /* CommitConvention.md in Resources */,
				F4892C222C7C9DC700C5FF16 /* CodingConvention.md in Resources */,
				F4892C032C7C23D400C5FF16 /* CodeConvention.md in Resources */,
				F4892C082C7C249300C5FF16 /* .gitignore in Resources */,
			);
			runOnlyForDeploymentPostprocessing = 0;
		};
/* End PBXResourcesBuildPhase section */

/* Begin PBXSourcesBuildPhase section */
		917DA8902CD4AE13006FF6B9 /* Sources */ = {
			isa = PBXSourcesBuildPhase;
			buildActionMask = 2147483647;
			files = (
			);
			runOnlyForDeploymentPostprocessing = 0;
		};
		F4892BDF2C7C237700C5FF16 /* Sources */ = {
			isa = PBXSourcesBuildPhase;
			buildActionMask = 2147483647;
			files = (
			);
			runOnlyForDeploymentPostprocessing = 0;
		};
/* End PBXSourcesBuildPhase section */

/* Begin PBXTargetDependency section */
		917DA8992CD4AE13006FF6B9 /* PBXTargetDependency */ = {
			isa = PBXTargetDependency;
			target = F4892BE22C7C237700C5FF16 /* WeClimb */;
			targetProxy = 917DA8982CD4AE13006FF6B9 /* PBXContainerItemProxy */;
		};
/* End PBXTargetDependency section */

/* Begin XCBuildConfiguration section */
		917DA89A2CD4AE13006FF6B9 /* Debug */ = {
			isa = XCBuildConfiguration;
			buildSettings = {
				BUNDLE_LOADER = "$(TEST_HOST)";
				CODE_SIGN_STYLE = Automatic;
				CURRENT_PROJECT_VERSION = 1;
				DEVELOPMENT_TEAM = 72GVCX2P2A;
				GENERATE_INFOPLIST_FILE = YES;
				IPHONEOS_DEPLOYMENT_TARGET = 17.5;
				MACOSX_DEPLOYMENT_TARGET = 14.5;
				MARKETING_VERSION = 1.0;
				PRODUCT_BUNDLE_IDENTIFIER = soobeenJang.WeClimbTests;
				PRODUCT_NAME = "$(TARGET_NAME)";
				SDKROOT = auto;
				SUPPORTED_PLATFORMS = "iphoneos iphonesimulator macosx";
				SWIFT_EMIT_LOC_STRINGS = NO;
				SWIFT_VERSION = 5.0;
				TARGETED_DEVICE_FAMILY = "1,2";
				TEST_HOST = "$(BUILT_PRODUCTS_DIR)/WeClimb.app/$(BUNDLE_EXECUTABLE_FOLDER_PATH)/WeClimb";
			};
			name = Debug;
		};
		917DA89B2CD4AE13006FF6B9 /* Release */ = {
			isa = XCBuildConfiguration;
			buildSettings = {
				BUNDLE_LOADER = "$(TEST_HOST)";
				CODE_SIGN_STYLE = Automatic;
				CURRENT_PROJECT_VERSION = 1;
				DEVELOPMENT_TEAM = 72GVCX2P2A;
				GENERATE_INFOPLIST_FILE = YES;
				IPHONEOS_DEPLOYMENT_TARGET = 17.5;
				MACOSX_DEPLOYMENT_TARGET = 14.5;
				MARKETING_VERSION = 1.0;
				PRODUCT_BUNDLE_IDENTIFIER = soobeenJang.WeClimbTests;
				PRODUCT_NAME = "$(TARGET_NAME)";
				SDKROOT = auto;
				SUPPORTED_PLATFORMS = "iphoneos iphonesimulator macosx";
				SWIFT_EMIT_LOC_STRINGS = NO;
				SWIFT_VERSION = 5.0;
				TARGETED_DEVICE_FAMILY = "1,2";
				TEST_HOST = "$(BUILT_PRODUCTS_DIR)/WeClimb.app/$(BUNDLE_EXECUTABLE_FOLDER_PATH)/WeClimb";
			};
			name = Release;
		};
		F4892BF52C7C237900C5FF16 /* Debug */ = {
			isa = XCBuildConfiguration;
			baseConfigurationReferenceAnchor = 6B7EE47C2D1173A6008017A5 /* WeClimb */;
			baseConfigurationReferenceRelativePath = App/Config.xcconfig;
			buildSettings = {
				ALWAYS_SEARCH_USER_PATHS = NO;
				ASSETCATALOG_COMPILER_GENERATE_SWIFT_ASSET_SYMBOL_EXTENSIONS = YES;
				CLANG_ANALYZER_NONNULL = YES;
				CLANG_ANALYZER_NUMBER_OBJECT_CONVERSION = YES_AGGRESSIVE;
				CLANG_CXX_LANGUAGE_STANDARD = "gnu++20";
				CLANG_ENABLE_MODULES = YES;
				CLANG_ENABLE_OBJC_ARC = YES;
				CLANG_ENABLE_OBJC_WEAK = YES;
				CLANG_WARN_BLOCK_CAPTURE_AUTORELEASING = YES;
				CLANG_WARN_BOOL_CONVERSION = YES;
				CLANG_WARN_COMMA = YES;
				CLANG_WARN_CONSTANT_CONVERSION = YES;
				CLANG_WARN_DEPRECATED_OBJC_IMPLEMENTATIONS = YES;
				CLANG_WARN_DIRECT_OBJC_ISA_USAGE = YES_ERROR;
				CLANG_WARN_DOCUMENTATION_COMMENTS = YES;
				CLANG_WARN_EMPTY_BODY = YES;
				CLANG_WARN_ENUM_CONVERSION = YES;
				CLANG_WARN_INFINITE_RECURSION = YES;
				CLANG_WARN_INT_CONVERSION = YES;
				CLANG_WARN_NON_LITERAL_NULL_CONVERSION = YES;
				CLANG_WARN_OBJC_IMPLICIT_RETAIN_SELF = YES;
				CLANG_WARN_OBJC_LITERAL_CONVERSION = YES;
				CLANG_WARN_OBJC_ROOT_CLASS = YES_ERROR;
				CLANG_WARN_QUOTED_INCLUDE_IN_FRAMEWORK_HEADER = YES;
				CLANG_WARN_RANGE_LOOP_ANALYSIS = YES;
				CLANG_WARN_STRICT_PROTOTYPES = YES;
				CLANG_WARN_SUSPICIOUS_MOVE = YES;
				CLANG_WARN_UNGUARDED_AVAILABILITY = YES_AGGRESSIVE;
				CLANG_WARN_UNREACHABLE_CODE = YES;
				CLANG_WARN__DUPLICATE_METHOD_MATCH = YES;
				COPY_PHASE_STRIP = NO;
				DEBUG_INFORMATION_FORMAT = dwarf;
				ENABLE_STRICT_OBJC_MSGSEND = YES;
				ENABLE_TESTABILITY = YES;
				ENABLE_TESTING_SEARCH_PATHS = YES;
				ENABLE_USER_SCRIPT_SANDBOXING = YES;
				GCC_C_LANGUAGE_STANDARD = gnu17;
				GCC_DYNAMIC_NO_PIC = NO;
				GCC_NO_COMMON_BLOCKS = YES;
				GCC_OPTIMIZATION_LEVEL = 0;
				GCC_PREPROCESSOR_DEFINITIONS = (
					"DEBUG=1",
					"$(inherited)",
				);
				GCC_WARN_64_TO_32_BIT_CONVERSION = YES;
				GCC_WARN_ABOUT_RETURN_TYPE = YES_ERROR;
				GCC_WARN_UNDECLARED_SELECTOR = YES;
				GCC_WARN_UNINITIALIZED_AUTOS = YES_AGGRESSIVE;
				GCC_WARN_UNUSED_FUNCTION = YES;
				GCC_WARN_UNUSED_VARIABLE = YES;
				IPHONEOS_DEPLOYMENT_TARGET = 17.5;
				LOCALIZATION_PREFERS_STRING_CATALOGS = YES;
				MTL_ENABLE_DEBUG_INFO = INCLUDE_SOURCE;
				MTL_FAST_MATH = YES;
				ONLY_ACTIVE_ARCH = YES;
				SDKROOT = iphoneos;
				SWIFT_ACTIVE_COMPILATION_CONDITIONS = "DEBUG $(inherited)";
				SWIFT_OPTIMIZATION_LEVEL = "-Onone";
			};
			name = Debug;
		};
		F4892BF62C7C237900C5FF16 /* Release */ = {
			isa = XCBuildConfiguration;
			baseConfigurationReferenceAnchor = 6B7EE47C2D1173A6008017A5 /* WeClimb */;
			baseConfigurationReferenceRelativePath = App/Config.xcconfig;
			buildSettings = {
				ALWAYS_SEARCH_USER_PATHS = NO;
				ASSETCATALOG_COMPILER_GENERATE_SWIFT_ASSET_SYMBOL_EXTENSIONS = YES;
				CLANG_ANALYZER_NONNULL = YES;
				CLANG_ANALYZER_NUMBER_OBJECT_CONVERSION = YES_AGGRESSIVE;
				CLANG_CXX_LANGUAGE_STANDARD = "gnu++20";
				CLANG_ENABLE_MODULES = YES;
				CLANG_ENABLE_OBJC_ARC = YES;
				CLANG_ENABLE_OBJC_WEAK = YES;
				CLANG_WARN_BLOCK_CAPTURE_AUTORELEASING = YES;
				CLANG_WARN_BOOL_CONVERSION = YES;
				CLANG_WARN_COMMA = YES;
				CLANG_WARN_CONSTANT_CONVERSION = YES;
				CLANG_WARN_DEPRECATED_OBJC_IMPLEMENTATIONS = YES;
				CLANG_WARN_DIRECT_OBJC_ISA_USAGE = YES_ERROR;
				CLANG_WARN_DOCUMENTATION_COMMENTS = YES;
				CLANG_WARN_EMPTY_BODY = YES;
				CLANG_WARN_ENUM_CONVERSION = YES;
				CLANG_WARN_INFINITE_RECURSION = YES;
				CLANG_WARN_INT_CONVERSION = YES;
				CLANG_WARN_NON_LITERAL_NULL_CONVERSION = YES;
				CLANG_WARN_OBJC_IMPLICIT_RETAIN_SELF = YES;
				CLANG_WARN_OBJC_LITERAL_CONVERSION = YES;
				CLANG_WARN_OBJC_ROOT_CLASS = YES_ERROR;
				CLANG_WARN_QUOTED_INCLUDE_IN_FRAMEWORK_HEADER = YES;
				CLANG_WARN_RANGE_LOOP_ANALYSIS = YES;
				CLANG_WARN_STRICT_PROTOTYPES = YES;
				CLANG_WARN_SUSPICIOUS_MOVE = YES;
				CLANG_WARN_UNGUARDED_AVAILABILITY = YES_AGGRESSIVE;
				CLANG_WARN_UNREACHABLE_CODE = YES;
				CLANG_WARN__DUPLICATE_METHOD_MATCH = YES;
				COPY_PHASE_STRIP = NO;
				DEBUG_INFORMATION_FORMAT = "dwarf-with-dsym";
				ENABLE_NS_ASSERTIONS = NO;
				ENABLE_STRICT_OBJC_MSGSEND = YES;
				ENABLE_TESTING_SEARCH_PATHS = YES;
				ENABLE_USER_SCRIPT_SANDBOXING = YES;
				GCC_C_LANGUAGE_STANDARD = gnu17;
				GCC_NO_COMMON_BLOCKS = YES;
				GCC_WARN_64_TO_32_BIT_CONVERSION = YES;
				GCC_WARN_ABOUT_RETURN_TYPE = YES_ERROR;
				GCC_WARN_UNDECLARED_SELECTOR = YES;
				GCC_WARN_UNINITIALIZED_AUTOS = YES_AGGRESSIVE;
				GCC_WARN_UNUSED_FUNCTION = YES;
				GCC_WARN_UNUSED_VARIABLE = YES;
				IPHONEOS_DEPLOYMENT_TARGET = 17.5;
				LOCALIZATION_PREFERS_STRING_CATALOGS = YES;
				MTL_ENABLE_DEBUG_INFO = NO;
				MTL_FAST_MATH = YES;
				SDKROOT = iphoneos;
				SWIFT_COMPILATION_MODE = wholemodule;
				VALIDATE_PRODUCT = YES;
			};
			name = Release;
		};
		F4892BF82C7C237900C5FF16 /* Debug */ = {
			isa = XCBuildConfiguration;
			baseConfigurationReferenceAnchor = 6B7EE47C2D1173A6008017A5 /* WeClimb */;
			baseConfigurationReferenceRelativePath = App/Config.xcconfig;
			buildSettings = {
				ASSETCATALOG_COMPILER_APPICON_NAME = AppIcon;
				ASSETCATALOG_COMPILER_GLOBAL_ACCENT_COLOR_NAME = AccentColor;
				CODE_SIGN_ENTITLEMENTS = WeClimb/App/WeClimb.entitlements;
				CODE_SIGN_IDENTITY = "Apple Development";
				"CODE_SIGN_IDENTITY[sdk=iphoneos*]" = "iPhone Developer";
				CODE_SIGN_STYLE = Manual;
				CURRENT_PROJECT_VERSION = 1.0.5;
				DEVELOPMENT_TEAM = TBHH7W8T8K;
				"DEVELOPMENT_TEAM[sdk=iphoneos*]" = 3R26TKQ96R;
				GENERATE_INFOPLIST_FILE = YES;
				INFOPLIST_FILE = WeClimb/App/Info.plist;
				INFOPLIST_KEY_CFBundleDisplayName = "위클";
				INFOPLIST_KEY_LSApplicationCategoryType = "public.app-category.sports";
				INFOPLIST_KEY_NSPhotoLibraryAddUsageDescription = "사진앱 권한을 확인해주세요";
				INFOPLIST_KEY_NSPhotoLibraryUsageDescription = "사진앱 권한을 확인해주세요.";
				INFOPLIST_KEY_UIApplicationSupportsIndirectInputEvents = YES;
				INFOPLIST_KEY_UILaunchStoryboardName = LaunchScreen;
				INFOPLIST_KEY_UISupportedInterfaceOrientations_iPad = "UIInterfaceOrientationPortrait UIInterfaceOrientationPortraitUpsideDown UIInterfaceOrientationLandscapeLeft UIInterfaceOrientationLandscapeRight";
				INFOPLIST_KEY_UISupportedInterfaceOrientations_iPhone = UIInterfaceOrientationPortrait;
				IPHONEOS_DEPLOYMENT_TARGET = 16.0;
				LD_RUNPATH_SEARCH_PATHS = (
					"$(inherited)",
					"@executable_path/Frameworks",
				);
				MARKETING_VERSION = 1.0.5;
				"OTHER_LDFLAGS[arch=*]" = "-objC";
				PRODUCT_BUNDLE_IDENTIFIER = com.iosclimber.WeClimb;
				PRODUCT_NAME = "$(TARGET_NAME)";
				PROVISIONING_PROFILE_SPECIFIER = "";
				"PROVISIONING_PROFILE_SPECIFIER[sdk=iphoneos*]" = WeClimb;
				SUPPORTED_PLATFORMS = "iphoneos iphonesimulator";
				SUPPORTS_MACCATALYST = NO;
				SWIFT_EMIT_LOC_STRINGS = YES;
				SWIFT_VERSION = 5.0;
				TARGETED_DEVICE_FAMILY = 1;
			};
			name = Debug;
		};
		F4892BF92C7C237900C5FF16 /* Release */ = {
			isa = XCBuildConfiguration;
			baseConfigurationReferenceAnchor = 6B7EE47C2D1173A6008017A5 /* WeClimb */;
			baseConfigurationReferenceRelativePath = App/Config.xcconfig;
			buildSettings = {
				ASSETCATALOG_COMPILER_APPICON_NAME = AppIcon;
				ASSETCATALOG_COMPILER_GLOBAL_ACCENT_COLOR_NAME = AccentColor;
				CODE_SIGN_ENTITLEMENTS = WeClimb/App/WeClimb.entitlements;
				CODE_SIGN_IDENTITY = "Apple Development";
				"CODE_SIGN_IDENTITY[sdk=iphoneos*]" = "iPhone Developer";
				CODE_SIGN_STYLE = Manual;
				CURRENT_PROJECT_VERSION = 1.0.5;
				DEVELOPMENT_TEAM = TBHH7W8T8K;
				"DEVELOPMENT_TEAM[sdk=iphoneos*]" = 3R26TKQ96R;
				GENERATE_INFOPLIST_FILE = YES;
				INFOPLIST_FILE = WeClimb/App/Info.plist;
				INFOPLIST_KEY_CFBundleDisplayName = "위클";
				INFOPLIST_KEY_LSApplicationCategoryType = "public.app-category.sports";
				INFOPLIST_KEY_NSPhotoLibraryAddUsageDescription = "사진앱 권한을 확인해주세요";
				INFOPLIST_KEY_NSPhotoLibraryUsageDescription = "사진앱 권한을 확인해주세요.";
				INFOPLIST_KEY_UIApplicationSupportsIndirectInputEvents = YES;
				INFOPLIST_KEY_UILaunchStoryboardName = LaunchScreen;
				INFOPLIST_KEY_UISupportedInterfaceOrientations_iPad = "UIInterfaceOrientationPortrait UIInterfaceOrientationPortraitUpsideDown UIInterfaceOrientationLandscapeLeft UIInterfaceOrientationLandscapeRight";
				INFOPLIST_KEY_UISupportedInterfaceOrientations_iPhone = UIInterfaceOrientationPortrait;
				IPHONEOS_DEPLOYMENT_TARGET = 16.0;
				LD_RUNPATH_SEARCH_PATHS = (
					"$(inherited)",
					"@executable_path/Frameworks",
				);
				MARKETING_VERSION = 1.0.5;
				"OTHER_LDFLAGS[arch=*]" = "-objC";
				PRODUCT_BUNDLE_IDENTIFIER = com.iosclimber.WeClimb;
				PRODUCT_NAME = "$(TARGET_NAME)";
				PROVISIONING_PROFILE_SPECIFIER = "";
				"PROVISIONING_PROFILE_SPECIFIER[sdk=iphoneos*]" = WeClimb;
				SUPPORTED_PLATFORMS = "iphoneos iphonesimulator";
				SUPPORTS_MACCATALYST = NO;
				SWIFT_EMIT_LOC_STRINGS = YES;
				SWIFT_VERSION = 5.0;
				TARGETED_DEVICE_FAMILY = 1;
			};
			name = Release;
		};
/* End XCBuildConfiguration section */

/* Begin XCConfigurationList section */
		917DA89C2CD4AE13006FF6B9 /* Build configuration list for PBXNativeTarget "WeClimbTests" */ = {
			isa = XCConfigurationList;
			buildConfigurations = (
				917DA89A2CD4AE13006FF6B9 /* Debug */,
				917DA89B2CD4AE13006FF6B9 /* Release */,
			);
			defaultConfigurationIsVisible = 0;
			defaultConfigurationName = Release;
		};
		F4892BDE2C7C237700C5FF16 /* Build configuration list for PBXProject "WeClimb" */ = {
			isa = XCConfigurationList;
			buildConfigurations = (
				F4892BF52C7C237900C5FF16 /* Debug */,
				F4892BF62C7C237900C5FF16 /* Release */,
			);
			defaultConfigurationIsVisible = 0;
			defaultConfigurationName = Release;
		};
		F4892BF72C7C237900C5FF16 /* Build configuration list for PBXNativeTarget "WeClimb" */ = {
			isa = XCConfigurationList;
			buildConfigurations = (
				F4892BF82C7C237900C5FF16 /* Debug */,
				F4892BF92C7C237900C5FF16 /* Release */,
			);
			defaultConfigurationIsVisible = 0;
			defaultConfigurationName = Release;
		};
/* End XCConfigurationList section */

/* Begin XCRemoteSwiftPackageReference section */
		43EC6AD52C9171AA004A2E2F /* XCRemoteSwiftPackageReference "LightCompressor_iOS" */ = {
			isa = XCRemoteSwiftPackageReference;
			repositoryURL = "https://github.com/AbedElazizShe/LightCompressor_iOS.git";
			requirement = {
				kind = upToNextMajorVersion;
				minimumVersion = 1.0.0;
			};
		};
		6B7EEBC42D1293D8008017A5 /* XCRemoteSwiftPackageReference "Swinject" */ = {
			isa = XCRemoteSwiftPackageReference;
			repositoryURL = "https://github.com/Swinject/Swinject";
			requirement = {
				kind = upToNextMajorVersion;
				minimumVersion = 2.9.1;
			};
		};
		6BC91F962C7EEA3F00B34083 /* XCRemoteSwiftPackageReference "GoogleSignIn-iOS" */ = {
			isa = XCRemoteSwiftPackageReference;
			repositoryURL = "https://github.com/google/GoogleSignIn-iOS";
			requirement = {
				kind = upToNextMajorVersion;
				minimumVersion = 8.0.0;
			};
		};
		6BC91F9B2C7EEACE00B34083 /* XCRemoteSwiftPackageReference "kakao-ios-sdk" */ = {
			isa = XCRemoteSwiftPackageReference;
			repositoryURL = "https://github.com/kakao/kakao-ios-sdk";
			requirement = {
				kind = upToNextMajorVersion;
				minimumVersion = 2.22.6;
			};
		};
		6BC91FA42C7EEB4D00B34083 /* XCRemoteSwiftPackageReference "firebase-ios-sdk" */ = {
			isa = XCRemoteSwiftPackageReference;
			repositoryURL = "https://github.com/firebase/firebase-ios-sdk";
			requirement = {
				kind = upToNextMajorVersion;
				minimumVersion = 11.1.0;
			};
		};
		F4892BFA2C7C239900C5FF16 /* XCRemoteSwiftPackageReference "SnapKit" */ = {
			isa = XCRemoteSwiftPackageReference;
			repositoryURL = "https://github.com/SnapKit/SnapKit.git";
			requirement = {
				kind = upToNextMajorVersion;
				minimumVersion = 5.7.1;
			};
		};
		F4892BFD2C7C23AC00C5FF16 /* XCRemoteSwiftPackageReference "RxSwift" */ = {
			isa = XCRemoteSwiftPackageReference;
			repositoryURL = "https://github.com/ReactiveX/RxSwift.git";
			requirement = {
				kind = upToNextMajorVersion;
				minimumVersion = 6.7.1;
			};
		};
		F4892C042C7C23FA00C5FF16 /* XCRemoteSwiftPackageReference "Kingfisher" */ = {
			isa = XCRemoteSwiftPackageReference;
			repositoryURL = "https://github.com/onevcat/Kingfisher.git";
			requirement = {
				kind = upToNextMajorVersion;
				minimumVersion = 7.12.0;
			};
		};
/* End XCRemoteSwiftPackageReference section */

/* Begin XCSwiftPackageProductDependency section */
		43EC6AD62C9171AA004A2E2F /* LightCompressor */ = {
			isa = XCSwiftPackageProductDependency;
			package = 43EC6AD52C9171AA004A2E2F /* XCRemoteSwiftPackageReference "LightCompressor_iOS" */;
			productName = LightCompressor;
		};
		6B7EEBC52D1293D8008017A5 /* Swinject */ = {
			isa = XCSwiftPackageProductDependency;
			package = 6B7EEBC42D1293D8008017A5 /* XCRemoteSwiftPackageReference "Swinject" */;
			productName = Swinject;
		};
		6B7EEBFE2D12CD79008017A5 /* FirebaseMessaging */ = {
			isa = XCSwiftPackageProductDependency;
			package = 6BC91FA42C7EEB4D00B34083 /* XCRemoteSwiftPackageReference "firebase-ios-sdk" */;
			productName = FirebaseMessaging;
		};
		6BC91F972C7EEA3F00B34083 /* GoogleSignIn */ = {
			isa = XCSwiftPackageProductDependency;
			package = 6BC91F962C7EEA3F00B34083 /* XCRemoteSwiftPackageReference "GoogleSignIn-iOS" */;
			productName = GoogleSignIn;
		};
		6BC91F992C7EEA5A00B34083 /* GoogleSignInSwift */ = {
			isa = XCSwiftPackageProductDependency;
			package = 6BC91F962C7EEA3F00B34083 /* XCRemoteSwiftPackageReference "GoogleSignIn-iOS" */;
			productName = GoogleSignInSwift;
		};
		6BC91F9C2C7EEACF00B34083 /* KakaoSDK */ = {
			isa = XCSwiftPackageProductDependency;
			package = 6BC91F9B2C7EEACE00B34083 /* XCRemoteSwiftPackageReference "kakao-ios-sdk" */;
			productName = KakaoSDK;
		};
		6BC91F9E2C7EEACF00B34083 /* KakaoSDKAuth */ = {
			isa = XCSwiftPackageProductDependency;
			package = 6BC91F9B2C7EEACE00B34083 /* XCRemoteSwiftPackageReference "kakao-ios-sdk" */;
			productName = KakaoSDKAuth;
		};
		6BC91FA02C7EEACF00B34083 /* KakaoSDKCommon */ = {
			isa = XCSwiftPackageProductDependency;
			package = 6BC91F9B2C7EEACE00B34083 /* XCRemoteSwiftPackageReference "kakao-ios-sdk" */;
			productName = KakaoSDKCommon;
		};
		6BC91FA22C7EEACF00B34083 /* KakaoSDKUser */ = {
			isa = XCSwiftPackageProductDependency;
			package = 6BC91F9B2C7EEACE00B34083 /* XCRemoteSwiftPackageReference "kakao-ios-sdk" */;
			productName = KakaoSDKUser;
		};
		6BC91FA52C7EEB4E00B34083 /* FirebaseAnalytics */ = {
			isa = XCSwiftPackageProductDependency;
			package = 6BC91FA42C7EEB4D00B34083 /* XCRemoteSwiftPackageReference "firebase-ios-sdk" */;
			productName = FirebaseAnalytics;
		};
		6BC91FA72C7EEB4E00B34083 /* FirebaseAuth */ = {
			isa = XCSwiftPackageProductDependency;
			package = 6BC91FA42C7EEB4D00B34083 /* XCRemoteSwiftPackageReference "firebase-ios-sdk" */;
			productName = FirebaseAuth;
		};
		6BC91FA92C7EEB4E00B34083 /* FirebaseDatabase */ = {
			isa = XCSwiftPackageProductDependency;
			package = 6BC91FA42C7EEB4D00B34083 /* XCRemoteSwiftPackageReference "firebase-ios-sdk" */;
			productName = FirebaseDatabase;
		};
		6BC91FAB2C7EEB4E00B34083 /* FirebaseFirestore */ = {
			isa = XCSwiftPackageProductDependency;
			package = 6BC91FA42C7EEB4D00B34083 /* XCRemoteSwiftPackageReference "firebase-ios-sdk" */;
			productName = FirebaseFirestore;
		};
		6BC91FAD2C7EEB4E00B34083 /* FirebaseFunctions */ = {
			isa = XCSwiftPackageProductDependency;
			package = 6BC91FA42C7EEB4D00B34083 /* XCRemoteSwiftPackageReference "firebase-ios-sdk" */;
			productName = FirebaseFunctions;
		};
		6BC91FAF2C7EEB4E00B34083 /* FirebaseStorage */ = {
			isa = XCSwiftPackageProductDependency;
			package = 6BC91FA42C7EEB4D00B34083 /* XCRemoteSwiftPackageReference "firebase-ios-sdk" */;
			productName = FirebaseStorage;
		};
		917DA89D2CD4B0A0006FF6B9 /* RxBlocking */ = {
			isa = XCSwiftPackageProductDependency;
			package = F4892BFD2C7C23AC00C5FF16 /* XCRemoteSwiftPackageReference "RxSwift" */;
			productName = RxBlocking;
		};
		91C562222CF0E48E00CBE1F3 /* FirebaseRemoteConfig */ = {
			isa = XCSwiftPackageProductDependency;
			package = 6BC91FA42C7EEB4D00B34083 /* XCRemoteSwiftPackageReference "firebase-ios-sdk" */;
			productName = FirebaseRemoteConfig;
		};
		F4892BFB2C7C239900C5FF16 /* SnapKit */ = {
			isa = XCSwiftPackageProductDependency;
			package = F4892BFA2C7C239900C5FF16 /* XCRemoteSwiftPackageReference "SnapKit" */;
			productName = SnapKit;
		};
		F4892BFE2C7C23AC00C5FF16 /* RxCocoa */ = {
			isa = XCSwiftPackageProductDependency;
			package = F4892BFD2C7C23AC00C5FF16 /* XCRemoteSwiftPackageReference "RxSwift" */;
			productName = RxCocoa;
		};
		F4892C052C7C23FA00C5FF16 /* Kingfisher */ = {
			isa = XCSwiftPackageProductDependency;
			package = F4892C042C7C23FA00C5FF16 /* XCRemoteSwiftPackageReference "Kingfisher" */;
			productName = Kingfisher;
		};
		F4892C412C8038B500C5FF16 /* RxSwift */ = {
			isa = XCSwiftPackageProductDependency;
			package = F4892BFD2C7C23AC00C5FF16 /* XCRemoteSwiftPackageReference "RxSwift" */;
			productName = RxSwift;
		};
/* End XCSwiftPackageProductDependency section */
	};
	rootObject = F4892BDB2C7C237700C5FF16 /* Project object */;
}
